// !$*UTF8*$!
{
	archiveVersion = 1;
	classes = {
	};
	objectVersion = 51;
	objects = {

/* Begin PBXBuildFile section */
		000BCD85241D7CD500DE8207 /* C.swift in Sources */ = {isa = PBXBuildFile; fileRef = 000BCD84241D7CD500DE8207 /* C.swift */; };
		000BCD87241D844E00DE8207 /* GoogleService-Info.plist in Resources */ = {isa = PBXBuildFile; fileRef = 000BCD86241D844D00DE8207 /* GoogleService-Info.plist */; };
		000BCD8A241D851800DE8207 /* IAPManager.swift in Sources */ = {isa = PBXBuildFile; fileRef = 000BCD89241D851800DE8207 /* IAPManager.swift */; };
		000BCD8D241E266400DE8207 /* WallpapersDetailsCollectionViewController.swift in Sources */ = {isa = PBXBuildFile; fileRef = 000BCD8C241E266400DE8207 /* WallpapersDetailsCollectionViewController.swift */; };
		00138DE223D8E7FD00EBD787 /* NSPersistentContainer+Models.swift in Sources */ = {isa = PBXBuildFile; fileRef = 00138DDD23D8E7FD00EBD787 /* NSPersistentContainer+Models.swift */; };
		00138DE423D8E7FD00EBD787 /* DataStorageProvider.swift in Sources */ = {isa = PBXBuildFile; fileRef = 00138DE023D8E7FD00EBD787 /* DataStorageProvider.swift */; };
		00138DE523D8E7FD00EBD787 /* PersistentContainerController.swift in Sources */ = {isa = PBXBuildFile; fileRef = 00138DE123D8E7FD00EBD787 /* PersistentContainerController.swift */; };
		00138DE723D8E89100EBD787 /* RemoteWallpaper.swift in Sources */ = {isa = PBXBuildFile; fileRef = 00138DE623D8E89100EBD787 /* RemoteWallpaper.swift */; };
		00138DE923D8E97B00EBD787 /* RemoteWallpaperSource.swift in Sources */ = {isa = PBXBuildFile; fileRef = 00138DE823D8E97B00EBD787 /* RemoteWallpaperSource.swift */; };
		0048C3D123C0CE450086D9D3 /* WallpapersListTableViewController.swift in Sources */ = {isa = PBXBuildFile; fileRef = 0048C3D023C0CE450086D9D3 /* WallpapersListTableViewController.swift */; };
		0048C3D623C0D0350086D9D3 /* WallpapersListTableViewCell.xib in Resources */ = {isa = PBXBuildFile; fileRef = 0048C3D423C0D0350086D9D3 /* WallpapersListTableViewCell.xib */; };
		0048C3E423C0D5A90086D9D3 /* WallpaperCollectionViewCell.swift in Sources */ = {isa = PBXBuildFile; fileRef = 0048C3E223C0D5A90086D9D3 /* WallpaperCollectionViewCell.swift */; };
		0048C3E523C0D5A90086D9D3 /* WallpaperCollectionViewCell.xib in Resources */ = {isa = PBXBuildFile; fileRef = 0048C3E323C0D5A90086D9D3 /* WallpaperCollectionViewCell.xib */; };
		0048C3E723C0D6C70086D9D3 /* WallpapersCollection.storyboard in Resources */ = {isa = PBXBuildFile; fileRef = 0048C3E623C0D6C70086D9D3 /* WallpapersCollection.storyboard */; };
		0048C3E923C0E9B40086D9D3 /* WallpapersListTableViewCell.swift in Sources */ = {isa = PBXBuildFile; fileRef = 0048C3E823C0E9B30086D9D3 /* WallpapersListTableViewCell.swift */; };
		0048C3EB23C0EA020086D9D3 /* WallpapersCollectionViewController.swift in Sources */ = {isa = PBXBuildFile; fileRef = 0048C3EA23C0EA020086D9D3 /* WallpapersCollectionViewController.swift */; };
		0048C3F123C0F7130086D9D3 /* ButtonTabViewController.swift in Sources */ = {isa = PBXBuildFile; fileRef = 0048C3F023C0F7130086D9D3 /* ButtonTabViewController.swift */; };
		0048C3F323C0F7A40086D9D3 /* TintButtonTabViewController.swift in Sources */ = {isa = PBXBuildFile; fileRef = 0048C3F223C0F7A40086D9D3 /* TintButtonTabViewController.swift */; };
		0048C3F723C3DDC50086D9D3 /* LabelButtonTabViewController.swift in Sources */ = {isa = PBXBuildFile; fileRef = 0048C3F623C3DDC50086D9D3 /* LabelButtonTabViewController.swift */; };
		0048C3F923C3DDE90086D9D3 /* TintLabelButtonTabViewController.swift in Sources */ = {isa = PBXBuildFile; fileRef = 0048C3F823C3DDE90086D9D3 /* TintLabelButtonTabViewController.swift */; };
		004CD87723CD1730002B8092 /* GetCategoriesFirebaseService.swift in Sources */ = {isa = PBXBuildFile; fileRef = 004CD87623CD1730002B8092 /* GetCategoriesFirebaseService.swift */; };
		004CD87B23CD1756002B8092 /* RemoteCategory.swift in Sources */ = {isa = PBXBuildFile; fileRef = 004CD87A23CD1756002B8092 /* RemoteCategory.swift */; };
		004CD87D23CD18EC002B8092 /* GetWallpapersListFirebaseService.swift in Sources */ = {isa = PBXBuildFile; fileRef = 004CD87C23CD18EC002B8092 /* GetWallpapersListFirebaseService.swift */; };
		0064923623BFC02800DE8E71 /* AppDelegate.swift in Sources */ = {isa = PBXBuildFile; fileRef = 0064923523BFC02800DE8E71 /* AppDelegate.swift */; };
		0064923823BFC02800DE8E71 /* SceneDelegate.swift in Sources */ = {isa = PBXBuildFile; fileRef = 0064923723BFC02800DE8E71 /* SceneDelegate.swift */; };
		0064923F23BFC02E00DE8E71 /* Assets.xcassets in Resources */ = {isa = PBXBuildFile; fileRef = 0064923E23BFC02E00DE8E71 /* Assets.xcassets */; };
		0064924223BFC02E00DE8E71 /* LaunchScreen.storyboard in Resources */ = {isa = PBXBuildFile; fileRef = 0064924023BFC02E00DE8E71 /* LaunchScreen.storyboard */; };
		0064924D23BFC02E00DE8E71 /* BazilPapersTests.swift in Sources */ = {isa = PBXBuildFile; fileRef = 0064924C23BFC02E00DE8E71 /* BazilPapersTests.swift */; };
		0064925823BFC02E00DE8E71 /* BazilPapersUITests.swift in Sources */ = {isa = PBXBuildFile; fileRef = 0064925723BFC02E00DE8E71 /* BazilPapersUITests.swift */; };
		0064926623BFC16100DE8E71 /* RootNavigation.storyboard in Resources */ = {isa = PBXBuildFile; fileRef = 0064926523BFC16100DE8E71 /* RootNavigation.storyboard */; };
		0064926823BFC17300DE8E71 /* RootNavigationViewController.swift in Sources */ = {isa = PBXBuildFile; fileRef = 0064926723BFC17300DE8E71 /* RootNavigationViewController.swift */; };
		0064926A23BFC25600DE8E71 /* RootNavigation.swift in Sources */ = {isa = PBXBuildFile; fileRef = 0064926923BFC25600DE8E71 /* RootNavigation.swift */; };
		006F993A242013FB0007E99B /* WallpapersDetailsCollectionViewCell.swift in Sources */ = {isa = PBXBuildFile; fileRef = 006F9938242013FB0007E99B /* WallpapersDetailsCollectionViewCell.swift */; };
		006F993B242013FB0007E99B /* WallpapersDetailsCollectionViewCell.xib in Resources */ = {isa = PBXBuildFile; fileRef = 006F9939242013FB0007E99B /* WallpapersDetailsCollectionViewCell.xib */; };
		0087ECBF23FB2BA70026EFC1 /* WallpapersDetailsViewController.swift in Sources */ = {isa = PBXBuildFile; fileRef = 0087ECBE23FB2BA70026EFC1 /* WallpapersDetailsViewController.swift */; };
		0087ECC123FB2BB60026EFC1 /* WallpapersDetails.storyboard in Resources */ = {isa = PBXBuildFile; fileRef = 0087ECC023FB2BB60026EFC1 /* WallpapersDetails.storyboard */; };
		0087ED5523FB37AE0026EFC1 /* NSManagedObjectContext+Utils.swift in Sources */ = {isa = PBXBuildFile; fileRef = 0087ED4423FB37AD0026EFC1 /* NSManagedObjectContext+Utils.swift */; };
		0087ED5623FB37AE0026EFC1 /* Array+NSManagedObject.swift in Sources */ = {isa = PBXBuildFile; fileRef = 0087ED4523FB37AD0026EFC1 /* Array+NSManagedObject.swift */; };
		0087ED5723FB37AE0026EFC1 /* NSManagedObject+Instance.swift in Sources */ = {isa = PBXBuildFile; fileRef = 0087ED4623FB37AD0026EFC1 /* NSManagedObject+Instance.swift */; };
		0087ED5823FB37AE0026EFC1 /* NSFetchedResultsController+Utils.swift in Sources */ = {isa = PBXBuildFile; fileRef = 0087ED4723FB37AD0026EFC1 /* NSFetchedResultsController+Utils.swift */; };
		0087ED5923FB37AE0026EFC1 /* NSManagedObject+SyncManyRelationship.swift in Sources */ = {isa = PBXBuildFile; fileRef = 0087ED4823FB37AD0026EFC1 /* NSManagedObject+SyncManyRelationship.swift */; };
		0087ED5A23FB37AE0026EFC1 /* UICollectionViewCell+Utils.swift in Sources */ = {isa = PBXBuildFile; fileRef = 0087ED4B23FB37AD0026EFC1 /* UICollectionViewCell+Utils.swift */; };
		0087ED5B23FB37AE0026EFC1 /* UIViewController+Child.swift in Sources */ = {isa = PBXBuildFile; fileRef = 0087ED4D23FB37AD0026EFC1 /* UIViewController+Child.swift */; };
		0087ED5C23FB37AE0026EFC1 /* UIViewController+Instance.swift in Sources */ = {isa = PBXBuildFile; fileRef = 0087ED4E23FB37AD0026EFC1 /* UIViewController+Instance.swift */; };
		0087ED5D23FB37AE0026EFC1 /* UITableViewHeaderFooterView+Table.swift in Sources */ = {isa = PBXBuildFile; fileRef = 0087ED5023FB37AD0026EFC1 /* UITableViewHeaderFooterView+Table.swift */; };
		0087ED5E23FB37AE0026EFC1 /* UITableViewCell+Table.swift in Sources */ = {isa = PBXBuildFile; fileRef = 0087ED5123FB37AD0026EFC1 /* UITableViewCell+Table.swift */; };
		0087ED5F23FB37AE0026EFC1 /* UIDevice+SystemInfo.swift in Sources */ = {isa = PBXBuildFile; fileRef = 0087ED5323FB37AE0026EFC1 /* UIDevice+SystemInfo.swift */; };
		0087ED6023FB37AE0026EFC1 /* NSPredicate+Utils.swift in Sources */ = {isa = PBXBuildFile; fileRef = 0087ED5423FB37AE0026EFC1 /* NSPredicate+Utils.swift */; };
		0087ED6223FB39A80026EFC1 /* UIView+Inspectable.swift in Sources */ = {isa = PBXBuildFile; fileRef = 0087ED6123FB39A80026EFC1 /* UIView+Inspectable.swift */; };
		0087ED6423FB3AB70026EFC1 /* CGColor+Utils.swift in Sources */ = {isa = PBXBuildFile; fileRef = 0087ED6323FB3AB70026EFC1 /* CGColor+Utils.swift */; };
		0087ED6823FF1AF00026EFC1 /* UIImage+GIF.swift in Sources */ = {isa = PBXBuildFile; fileRef = 0087ED6723FF1AF00026EFC1 /* UIImage+GIF.swift */; };
		009CF8A1243B182700003FB5 /* IAPSelector.storyboard in Resources */ = {isa = PBXBuildFile; fileRef = 009CF8A0243B182700003FB5 /* IAPSelector.storyboard */; };
		00A5CC8823D8EBDF0025A872 /* Catalog.xcdatamodeld in Sources */ = {isa = PBXBuildFile; fileRef = 00138DDE23D8E7FD00EBD787 /* Catalog.xcdatamodeld */; };
		00A964F323D8EFD2005E0417 /* FormFactors.xcdatamodeld in Sources */ = {isa = PBXBuildFile; fileRef = 00A964F123D8EFD2005E0417 /* FormFactors.xcdatamodeld */; };
		00A964FB23E32828005E0417 /* AppDelegate.swift in Sources */ = {isa = PBXBuildFile; fileRef = 00A964FA23E32828005E0417 /* AppDelegate.swift */; };
		00A964FD23E32828005E0417 /* SceneDelegate.swift in Sources */ = {isa = PBXBuildFile; fileRef = 00A964FC23E32828005E0417 /* SceneDelegate.swift */; };
		00A964FF23E32828005E0417 /* ViewController.swift in Sources */ = {isa = PBXBuildFile; fileRef = 00A964FE23E32828005E0417 /* ViewController.swift */; };
		00A9650223E32828005E0417 /* Main.storyboard in Resources */ = {isa = PBXBuildFile; fileRef = 00A9650023E32828005E0417 /* Main.storyboard */; };
		00A9650423E3282F005E0417 /* Assets.xcassets in Resources */ = {isa = PBXBuildFile; fileRef = 00A9650323E3282F005E0417 /* Assets.xcassets */; };
		00A9650723E3282F005E0417 /* LaunchScreen.storyboard in Resources */ = {isa = PBXBuildFile; fileRef = 00A9650523E3282F005E0417 /* LaunchScreen.storyboard */; };
		00A9652923EA1A39005E0417 /* GetFormfactorsFirebaseService.swift in Sources */ = {isa = PBXBuildFile; fileRef = 00A9652823EA1A39005E0417 /* GetFormfactorsFirebaseService.swift */; };
		00F4C65F23BFD98E00239BAA /* RootTabButtons.storyboard in Resources */ = {isa = PBXBuildFile; fileRef = 00F4C65E23BFD98E00239BAA /* RootTabButtons.storyboard */; };
		00F4C66123BFD9A000239BAA /* RootTabButtonViewController.swift in Sources */ = {isa = PBXBuildFile; fileRef = 00F4C66023BFD9A000239BAA /* RootTabButtonViewController.swift */; };
		00F4C71B23BFDBFB00239BAA /* RootTabsViewController.swift in Sources */ = {isa = PBXBuildFile; fileRef = 00F4C71A23BFDBFB00239BAA /* RootTabsViewController.swift */; };
		00F4C71D23BFDC0400239BAA /* RootTabs.storyboard in Resources */ = {isa = PBXBuildFile; fileRef = 00F4C71C23BFDC0400239BAA /* RootTabs.storyboard */; };
		00F4C72423BFDE4E00239BAA /* WallpapersList.storyboard in Resources */ = {isa = PBXBuildFile; fileRef = 00F4C72323BFDE4E00239BAA /* WallpapersList.storyboard */; };
		00F4C72623BFDE5A00239BAA /* WallpapersListViewController.swift in Sources */ = {isa = PBXBuildFile; fileRef = 00F4C72523BFDE5A00239BAA /* WallpapersListViewController.swift */; };
		00F4C72823BFDE6A00239BAA /* LikedWallpapers.storyboard in Resources */ = {isa = PBXBuildFile; fileRef = 00F4C72723BFDE6A00239BAA /* LikedWallpapers.storyboard */; };
		00F4C72A23BFDE7400239BAA /* LikedWallpapersViewController.swift in Sources */ = {isa = PBXBuildFile; fileRef = 00F4C72923BFDE7400239BAA /* LikedWallpapersViewController.swift */; };
		3931800EF19510F59F59CA2D /* Pods_BazilPapers.framework in Frameworks */ = {isa = PBXBuildFile; fileRef = A1EE32DFFDF2379101763362 /* Pods_BazilPapers.framework */; };
		6006F4C382B7CDCF7BD317DD /* Pods_BazilPapersTests.framework in Frameworks */ = {isa = PBXBuildFile; fileRef = D74A48A9C87DE3238D0F1B7A /* Pods_BazilPapersTests.framework */; };
		F5E8AA23A6CB0B30E8197BDE /* Pods_BazilPapers_BazilPapersUITests.framework in Frameworks */ = {isa = PBXBuildFile; fileRef = 91B33D75536B58075B41B4DF /* Pods_BazilPapers_BazilPapersUITests.framework */; };
/* End PBXBuildFile section */

/* Begin PBXContainerItemProxy section */
		0064924923BFC02E00DE8E71 /* PBXContainerItemProxy */ = {
			isa = PBXContainerItemProxy;
			containerPortal = 0064922A23BFC02800DE8E71 /* Project object */;
			proxyType = 1;
			remoteGlobalIDString = 0064923123BFC02800DE8E71;
			remoteInfo = BazilPapers;
		};
		0064925423BFC02E00DE8E71 /* PBXContainerItemProxy */ = {
			isa = PBXContainerItemProxy;
			containerPortal = 0064922A23BFC02800DE8E71 /* Project object */;
			proxyType = 1;
			remoteGlobalIDString = 0064923123BFC02800DE8E71;
			remoteInfo = BazilPapers;
		};
		00A9650E23E3282F005E0417 /* PBXContainerItemProxy */ = {
			isa = PBXContainerItemProxy;
			containerPortal = 0064922A23BFC02800DE8E71 /* Project object */;
			proxyType = 1;
			remoteGlobalIDString = 00A964F723E32828005E0417;
			remoteInfo = Playground;
		};
		00A9651923E3282F005E0417 /* PBXContainerItemProxy */ = {
			isa = PBXContainerItemProxy;
			containerPortal = 0064922A23BFC02800DE8E71 /* Project object */;
			proxyType = 1;
			remoteGlobalIDString = 00A964F723E32828005E0417;
			remoteInfo = Playground;
		};
/* End PBXContainerItemProxy section */

/* Begin PBXFileReference section */
		000BCD84241D7CD500DE8207 /* C.swift */ = {isa = PBXFileReference; lastKnownFileType = sourcecode.swift; path = C.swift; sourceTree = "<group>"; };
		000BCD86241D844D00DE8207 /* GoogleService-Info.plist */ = {isa = PBXFileReference; fileEncoding = 4; lastKnownFileType = text.plist.xml; path = "GoogleService-Info.plist"; sourceTree = "<group>"; };
		000BCD89241D851800DE8207 /* IAPManager.swift */ = {isa = PBXFileReference; lastKnownFileType = sourcecode.swift; path = IAPManager.swift; sourceTree = "<group>"; };
		000BCD8C241E266400DE8207 /* WallpapersDetailsCollectionViewController.swift */ = {isa = PBXFileReference; lastKnownFileType = sourcecode.swift; path = WallpapersDetailsCollectionViewController.swift; sourceTree = "<group>"; };
		00138DDD23D8E7FD00EBD787 /* NSPersistentContainer+Models.swift */ = {isa = PBXFileReference; fileEncoding = 4; lastKnownFileType = sourcecode.swift; path = "NSPersistentContainer+Models.swift"; sourceTree = "<group>"; };
		00138DDF23D8E7FD00EBD787 /* Catalog.xcdatamodel */ = {isa = PBXFileReference; lastKnownFileType = wrapper.xcdatamodel; path = Catalog.xcdatamodel; sourceTree = "<group>"; };
		00138DE023D8E7FD00EBD787 /* DataStorageProvider.swift */ = {isa = PBXFileReference; fileEncoding = 4; lastKnownFileType = sourcecode.swift; path = DataStorageProvider.swift; sourceTree = "<group>"; };
		00138DE123D8E7FD00EBD787 /* PersistentContainerController.swift */ = {isa = PBXFileReference; fileEncoding = 4; lastKnownFileType = sourcecode.swift; path = PersistentContainerController.swift; sourceTree = "<group>"; };
		00138DE623D8E89100EBD787 /* RemoteWallpaper.swift */ = {isa = PBXFileReference; lastKnownFileType = sourcecode.swift; path = RemoteWallpaper.swift; sourceTree = "<group>"; };
		00138DE823D8E97B00EBD787 /* RemoteWallpaperSource.swift */ = {isa = PBXFileReference; lastKnownFileType = sourcecode.swift; path = RemoteWallpaperSource.swift; sourceTree = "<group>"; };
		0048C3D023C0CE450086D9D3 /* WallpapersListTableViewController.swift */ = {isa = PBXFileReference; lastKnownFileType = sourcecode.swift; path = WallpapersListTableViewController.swift; sourceTree = "<group>"; };
		0048C3D423C0D0350086D9D3 /* WallpapersListTableViewCell.xib */ = {isa = PBXFileReference; lastKnownFileType = file.xib; path = WallpapersListTableViewCell.xib; sourceTree = "<group>"; };
		0048C3E223C0D5A90086D9D3 /* WallpaperCollectionViewCell.swift */ = {isa = PBXFileReference; lastKnownFileType = sourcecode.swift; path = WallpaperCollectionViewCell.swift; sourceTree = "<group>"; };
		0048C3E323C0D5A90086D9D3 /* WallpaperCollectionViewCell.xib */ = {isa = PBXFileReference; lastKnownFileType = file.xib; path = WallpaperCollectionViewCell.xib; sourceTree = "<group>"; };
		0048C3E623C0D6C70086D9D3 /* WallpapersCollection.storyboard */ = {isa = PBXFileReference; lastKnownFileType = file.storyboard; path = WallpapersCollection.storyboard; sourceTree = "<group>"; };
		0048C3E823C0E9B30086D9D3 /* WallpapersListTableViewCell.swift */ = {isa = PBXFileReference; fileEncoding = 4; lastKnownFileType = sourcecode.swift; path = WallpapersListTableViewCell.swift; sourceTree = "<group>"; };
		0048C3EA23C0EA020086D9D3 /* WallpapersCollectionViewController.swift */ = {isa = PBXFileReference; fileEncoding = 4; lastKnownFileType = sourcecode.swift; path = WallpapersCollectionViewController.swift; sourceTree = "<group>"; };
		0048C3F023C0F7130086D9D3 /* ButtonTabViewController.swift */ = {isa = PBXFileReference; lastKnownFileType = sourcecode.swift; path = ButtonTabViewController.swift; sourceTree = "<group>"; };
		0048C3F223C0F7A40086D9D3 /* TintButtonTabViewController.swift */ = {isa = PBXFileReference; lastKnownFileType = sourcecode.swift; path = TintButtonTabViewController.swift; sourceTree = "<group>"; };
		0048C3F623C3DDC50086D9D3 /* LabelButtonTabViewController.swift */ = {isa = PBXFileReference; lastKnownFileType = sourcecode.swift; path = LabelButtonTabViewController.swift; sourceTree = "<group>"; };
		0048C3F823C3DDE90086D9D3 /* TintLabelButtonTabViewController.swift */ = {isa = PBXFileReference; lastKnownFileType = sourcecode.swift; path = TintLabelButtonTabViewController.swift; sourceTree = "<group>"; };
		004CD87623CD1730002B8092 /* GetCategoriesFirebaseService.swift */ = {isa = PBXFileReference; fileEncoding = 4; lastKnownFileType = sourcecode.swift; path = GetCategoriesFirebaseService.swift; sourceTree = "<group>"; };
		004CD87A23CD1756002B8092 /* RemoteCategory.swift */ = {isa = PBXFileReference; lastKnownFileType = sourcecode.swift; path = RemoteCategory.swift; sourceTree = "<group>"; };
		004CD87C23CD18EC002B8092 /* GetWallpapersListFirebaseService.swift */ = {isa = PBXFileReference; lastKnownFileType = sourcecode.swift; path = GetWallpapersListFirebaseService.swift; sourceTree = "<group>"; };
		0064923223BFC02800DE8E71 /* BazilPapers.app */ = {isa = PBXFileReference; explicitFileType = wrapper.application; includeInIndex = 0; path = BazilPapers.app; sourceTree = BUILT_PRODUCTS_DIR; };
		0064923523BFC02800DE8E71 /* AppDelegate.swift */ = {isa = PBXFileReference; lastKnownFileType = sourcecode.swift; path = AppDelegate.swift; sourceTree = "<group>"; };
		0064923723BFC02800DE8E71 /* SceneDelegate.swift */ = {isa = PBXFileReference; lastKnownFileType = sourcecode.swift; path = SceneDelegate.swift; sourceTree = "<group>"; };
		0064923E23BFC02E00DE8E71 /* Assets.xcassets */ = {isa = PBXFileReference; lastKnownFileType = folder.assetcatalog; path = Assets.xcassets; sourceTree = "<group>"; };
		0064924123BFC02E00DE8E71 /* Base */ = {isa = PBXFileReference; lastKnownFileType = file.storyboard; name = Base; path = Base.lproj/LaunchScreen.storyboard; sourceTree = "<group>"; };
		0064924323BFC02E00DE8E71 /* Info.plist */ = {isa = PBXFileReference; lastKnownFileType = text.plist.xml; path = Info.plist; sourceTree = "<group>"; };
		0064924823BFC02E00DE8E71 /* BazilPapersTests.xctest */ = {isa = PBXFileReference; explicitFileType = wrapper.cfbundle; includeInIndex = 0; path = BazilPapersTests.xctest; sourceTree = BUILT_PRODUCTS_DIR; };
		0064924C23BFC02E00DE8E71 /* BazilPapersTests.swift */ = {isa = PBXFileReference; lastKnownFileType = sourcecode.swift; path = BazilPapersTests.swift; sourceTree = "<group>"; };
		0064924E23BFC02E00DE8E71 /* Info.plist */ = {isa = PBXFileReference; lastKnownFileType = text.plist.xml; path = Info.plist; sourceTree = "<group>"; };
		0064925323BFC02E00DE8E71 /* BazilPapersUITests.xctest */ = {isa = PBXFileReference; explicitFileType = wrapper.cfbundle; includeInIndex = 0; path = BazilPapersUITests.xctest; sourceTree = BUILT_PRODUCTS_DIR; };
		0064925723BFC02E00DE8E71 /* BazilPapersUITests.swift */ = {isa = PBXFileReference; lastKnownFileType = sourcecode.swift; path = BazilPapersUITests.swift; sourceTree = "<group>"; };
		0064925923BFC02E00DE8E71 /* Info.plist */ = {isa = PBXFileReference; lastKnownFileType = text.plist.xml; path = Info.plist; sourceTree = "<group>"; };
		0064926523BFC16100DE8E71 /* RootNavigation.storyboard */ = {isa = PBXFileReference; lastKnownFileType = file.storyboard; path = RootNavigation.storyboard; sourceTree = "<group>"; };
		0064926723BFC17300DE8E71 /* RootNavigationViewController.swift */ = {isa = PBXFileReference; lastKnownFileType = sourcecode.swift; path = RootNavigationViewController.swift; sourceTree = "<group>"; };
		0064926923BFC25600DE8E71 /* RootNavigation.swift */ = {isa = PBXFileReference; lastKnownFileType = sourcecode.swift; path = RootNavigation.swift; sourceTree = "<group>"; };
		006F9938242013FB0007E99B /* WallpapersDetailsCollectionViewCell.swift */ = {isa = PBXFileReference; lastKnownFileType = sourcecode.swift; path = WallpapersDetailsCollectionViewCell.swift; sourceTree = "<group>"; };
		006F9939242013FB0007E99B /* WallpapersDetailsCollectionViewCell.xib */ = {isa = PBXFileReference; lastKnownFileType = file.xib; path = WallpapersDetailsCollectionViewCell.xib; sourceTree = "<group>"; };
		0087ECBE23FB2BA70026EFC1 /* WallpapersDetailsViewController.swift */ = {isa = PBXFileReference; lastKnownFileType = sourcecode.swift; path = WallpapersDetailsViewController.swift; sourceTree = "<group>"; };
		0087ECC023FB2BB60026EFC1 /* WallpapersDetails.storyboard */ = {isa = PBXFileReference; lastKnownFileType = file.storyboard; path = WallpapersDetails.storyboard; sourceTree = "<group>"; };
		0087ED4423FB37AD0026EFC1 /* NSManagedObjectContext+Utils.swift */ = {isa = PBXFileReference; fileEncoding = 4; lastKnownFileType = sourcecode.swift; path = "NSManagedObjectContext+Utils.swift"; sourceTree = "<group>"; };
		0087ED4523FB37AD0026EFC1 /* Array+NSManagedObject.swift */ = {isa = PBXFileReference; fileEncoding = 4; lastKnownFileType = sourcecode.swift; path = "Array+NSManagedObject.swift"; sourceTree = "<group>"; };
		0087ED4623FB37AD0026EFC1 /* NSManagedObject+Instance.swift */ = {isa = PBXFileReference; fileEncoding = 4; lastKnownFileType = sourcecode.swift; path = "NSManagedObject+Instance.swift"; sourceTree = "<group>"; };
		0087ED4723FB37AD0026EFC1 /* NSFetchedResultsController+Utils.swift */ = {isa = PBXFileReference; fileEncoding = 4; lastKnownFileType = sourcecode.swift; path = "NSFetchedResultsController+Utils.swift"; sourceTree = "<group>"; };
		0087ED4823FB37AD0026EFC1 /* NSManagedObject+SyncManyRelationship.swift */ = {isa = PBXFileReference; fileEncoding = 4; lastKnownFileType = sourcecode.swift; path = "NSManagedObject+SyncManyRelationship.swift"; sourceTree = "<group>"; };
		0087ED4B23FB37AD0026EFC1 /* UICollectionViewCell+Utils.swift */ = {isa = PBXFileReference; fileEncoding = 4; lastKnownFileType = sourcecode.swift; path = "UICollectionViewCell+Utils.swift"; sourceTree = "<group>"; };
		0087ED4D23FB37AD0026EFC1 /* UIViewController+Child.swift */ = {isa = PBXFileReference; fileEncoding = 4; lastKnownFileType = sourcecode.swift; path = "UIViewController+Child.swift"; sourceTree = "<group>"; };
		0087ED4E23FB37AD0026EFC1 /* UIViewController+Instance.swift */ = {isa = PBXFileReference; fileEncoding = 4; lastKnownFileType = sourcecode.swift; path = "UIViewController+Instance.swift"; sourceTree = "<group>"; };
		0087ED5023FB37AD0026EFC1 /* UITableViewHeaderFooterView+Table.swift */ = {isa = PBXFileReference; fileEncoding = 4; lastKnownFileType = sourcecode.swift; path = "UITableViewHeaderFooterView+Table.swift"; sourceTree = "<group>"; };
		0087ED5123FB37AD0026EFC1 /* UITableViewCell+Table.swift */ = {isa = PBXFileReference; fileEncoding = 4; lastKnownFileType = sourcecode.swift; path = "UITableViewCell+Table.swift"; sourceTree = "<group>"; };
		0087ED5323FB37AE0026EFC1 /* UIDevice+SystemInfo.swift */ = {isa = PBXFileReference; fileEncoding = 4; lastKnownFileType = sourcecode.swift; path = "UIDevice+SystemInfo.swift"; sourceTree = "<group>"; };
		0087ED5423FB37AE0026EFC1 /* NSPredicate+Utils.swift */ = {isa = PBXFileReference; fileEncoding = 4; lastKnownFileType = sourcecode.swift; path = "NSPredicate+Utils.swift"; sourceTree = "<group>"; };
		0087ED6123FB39A80026EFC1 /* UIView+Inspectable.swift */ = {isa = PBXFileReference; fileEncoding = 4; lastKnownFileType = sourcecode.swift; path = "UIView+Inspectable.swift"; sourceTree = "<group>"; };
		0087ED6323FB3AB70026EFC1 /* CGColor+Utils.swift */ = {isa = PBXFileReference; fileEncoding = 4; lastKnownFileType = sourcecode.swift; path = "CGColor+Utils.swift"; sourceTree = "<group>"; };
		0087ED6723FF1AF00026EFC1 /* UIImage+GIF.swift */ = {isa = PBXFileReference; lastKnownFileType = sourcecode.swift; path = "UIImage+GIF.swift"; sourceTree = "<group>"; };
		009CF8A0243B182700003FB5 /* IAPSelector.storyboard */ = {isa = PBXFileReference; lastKnownFileType = file.storyboard; path = IAPSelector.storyboard; sourceTree = "<group>"; };
		00A964F223D8EFD2005E0417 /* FormFactors.xcdatamodel */ = {isa = PBXFileReference; lastKnownFileType = wrapper.xcdatamodel; path = FormFactors.xcdatamodel; sourceTree = "<group>"; };
		00A964F823E32828005E0417 /* Playground.app */ = {isa = PBXFileReference; explicitFileType = wrapper.application; includeInIndex = 0; path = Playground.app; sourceTree = BUILT_PRODUCTS_DIR; };
		00A964FA23E32828005E0417 /* AppDelegate.swift */ = {isa = PBXFileReference; lastKnownFileType = sourcecode.swift; path = AppDelegate.swift; sourceTree = "<group>"; };
		00A964FC23E32828005E0417 /* SceneDelegate.swift */ = {isa = PBXFileReference; lastKnownFileType = sourcecode.swift; path = SceneDelegate.swift; sourceTree = "<group>"; };
		00A964FE23E32828005E0417 /* ViewController.swift */ = {isa = PBXFileReference; lastKnownFileType = sourcecode.swift; path = ViewController.swift; sourceTree = "<group>"; };
		00A9650123E32828005E0417 /* Base */ = {isa = PBXFileReference; lastKnownFileType = file.storyboard; name = Base; path = Base.lproj/Main.storyboard; sourceTree = "<group>"; };
		00A9650323E3282F005E0417 /* Assets.xcassets */ = {isa = PBXFileReference; lastKnownFileType = folder.assetcatalog; path = Assets.xcassets; sourceTree = "<group>"; };
		00A9650623E3282F005E0417 /* Base */ = {isa = PBXFileReference; lastKnownFileType = file.storyboard; name = Base; path = Base.lproj/LaunchScreen.storyboard; sourceTree = "<group>"; };
		00A9650823E3282F005E0417 /* Info.plist */ = {isa = PBXFileReference; lastKnownFileType = text.plist.xml; path = Info.plist; sourceTree = "<group>"; };
		00A9650D23E3282F005E0417 /* PlaygroundTests.xctest */ = {isa = PBXFileReference; explicitFileType = wrapper.cfbundle; includeInIndex = 0; path = PlaygroundTests.xctest; sourceTree = BUILT_PRODUCTS_DIR; };
		00A9651823E3282F005E0417 /* PlaygroundUITests.xctest */ = {isa = PBXFileReference; explicitFileType = wrapper.cfbundle; includeInIndex = 0; path = PlaygroundUITests.xctest; sourceTree = BUILT_PRODUCTS_DIR; };
		00A9652823EA1A39005E0417 /* GetFormfactorsFirebaseService.swift */ = {isa = PBXFileReference; lastKnownFileType = sourcecode.swift; path = GetFormfactorsFirebaseService.swift; sourceTree = "<group>"; };
		00BEBA9F23C91EC6007EE66D /* Catalog.xcdatamodel */ = {isa = PBXFileReference; lastKnownFileType = wrapper.xcdatamodel; path = Catalog.xcdatamodel; sourceTree = "<group>"; };
		00BEBAAC23C91FBE007EE66D /* DataStorageProvider.swift */ = {isa = PBXFileReference; lastKnownFileType = sourcecode.swift; path = DataStorageProvider.swift; sourceTree = "<group>"; };
		00BEBAAE23C91FCB007EE66D /* NSPersistentContainer+Models.swift */ = {isa = PBXFileReference; lastKnownFileType = sourcecode.swift; path = "NSPersistentContainer+Models.swift"; sourceTree = "<group>"; };
		00BEBAB023C91FD6007EE66D /* PersistentContainerController.swift */ = {isa = PBXFileReference; lastKnownFileType = sourcecode.swift; path = PersistentContainerController.swift; sourceTree = "<group>"; };
		00F4C65E23BFD98E00239BAA /* RootTabButtons.storyboard */ = {isa = PBXFileReference; lastKnownFileType = file.storyboard; path = RootTabButtons.storyboard; sourceTree = "<group>"; };
		00F4C66023BFD9A000239BAA /* RootTabButtonViewController.swift */ = {isa = PBXFileReference; lastKnownFileType = sourcecode.swift; path = RootTabButtonViewController.swift; sourceTree = "<group>"; };
		00F4C71A23BFDBFB00239BAA /* RootTabsViewController.swift */ = {isa = PBXFileReference; lastKnownFileType = sourcecode.swift; path = RootTabsViewController.swift; sourceTree = "<group>"; };
		00F4C71C23BFDC0400239BAA /* RootTabs.storyboard */ = {isa = PBXFileReference; lastKnownFileType = file.storyboard; path = RootTabs.storyboard; sourceTree = "<group>"; };
		00F4C72323BFDE4E00239BAA /* WallpapersList.storyboard */ = {isa = PBXFileReference; lastKnownFileType = file.storyboard; path = WallpapersList.storyboard; sourceTree = "<group>"; };
		00F4C72523BFDE5A00239BAA /* WallpapersListViewController.swift */ = {isa = PBXFileReference; lastKnownFileType = sourcecode.swift; path = WallpapersListViewController.swift; sourceTree = "<group>"; };
		00F4C72723BFDE6A00239BAA /* LikedWallpapers.storyboard */ = {isa = PBXFileReference; lastKnownFileType = file.storyboard; path = LikedWallpapers.storyboard; sourceTree = "<group>"; };
		00F4C72923BFDE7400239BAA /* LikedWallpapersViewController.swift */ = {isa = PBXFileReference; lastKnownFileType = sourcecode.swift; path = LikedWallpapersViewController.swift; sourceTree = "<group>"; };
		0A648A4532737F84078B4971 /* Pods-BazilPapersTests.release.xcconfig */ = {isa = PBXFileReference; includeInIndex = 1; lastKnownFileType = text.xcconfig; name = "Pods-BazilPapersTests.release.xcconfig"; path = "Target Support Files/Pods-BazilPapersTests/Pods-BazilPapersTests.release.xcconfig"; sourceTree = "<group>"; };
		1E9EE0F888EA3E1500878FC0 /* Pods-BazilPapersTests.debug.xcconfig */ = {isa = PBXFileReference; includeInIndex = 1; lastKnownFileType = text.xcconfig; name = "Pods-BazilPapersTests.debug.xcconfig"; path = "Target Support Files/Pods-BazilPapersTests/Pods-BazilPapersTests.debug.xcconfig"; sourceTree = "<group>"; };
		8561A6FD452B03F3FDAF1A76 /* Pods-BazilPapers-BazilPapersUITests.release.xcconfig */ = {isa = PBXFileReference; includeInIndex = 1; lastKnownFileType = text.xcconfig; name = "Pods-BazilPapers-BazilPapersUITests.release.xcconfig"; path = "Target Support Files/Pods-BazilPapers-BazilPapersUITests/Pods-BazilPapers-BazilPapersUITests.release.xcconfig"; sourceTree = "<group>"; };
		91B33D75536B58075B41B4DF /* Pods_BazilPapers_BazilPapersUITests.framework */ = {isa = PBXFileReference; explicitFileType = wrapper.framework; includeInIndex = 0; path = Pods_BazilPapers_BazilPapersUITests.framework; sourceTree = BUILT_PRODUCTS_DIR; };
		A1EE32DFFDF2379101763362 /* Pods_BazilPapers.framework */ = {isa = PBXFileReference; explicitFileType = wrapper.framework; includeInIndex = 0; path = Pods_BazilPapers.framework; sourceTree = BUILT_PRODUCTS_DIR; };
		D26CD848532A86FB674F31B1 /* Pods-BazilPapers.debug.xcconfig */ = {isa = PBXFileReference; includeInIndex = 1; lastKnownFileType = text.xcconfig; name = "Pods-BazilPapers.debug.xcconfig"; path = "Target Support Files/Pods-BazilPapers/Pods-BazilPapers.debug.xcconfig"; sourceTree = "<group>"; };
		D74A48A9C87DE3238D0F1B7A /* Pods_BazilPapersTests.framework */ = {isa = PBXFileReference; explicitFileType = wrapper.framework; includeInIndex = 0; path = Pods_BazilPapersTests.framework; sourceTree = BUILT_PRODUCTS_DIR; };
		E0D57CE94D371CFA8A6DA181 /* Pods-BazilPapers.release.xcconfig */ = {isa = PBXFileReference; includeInIndex = 1; lastKnownFileType = text.xcconfig; name = "Pods-BazilPapers.release.xcconfig"; path = "Target Support Files/Pods-BazilPapers/Pods-BazilPapers.release.xcconfig"; sourceTree = "<group>"; };
		F7D77BD4973209C2B37759CA /* Pods-BazilPapers-BazilPapersUITests.debug.xcconfig */ = {isa = PBXFileReference; includeInIndex = 1; lastKnownFileType = text.xcconfig; name = "Pods-BazilPapers-BazilPapersUITests.debug.xcconfig"; path = "Target Support Files/Pods-BazilPapers-BazilPapersUITests/Pods-BazilPapers-BazilPapersUITests.debug.xcconfig"; sourceTree = "<group>"; };
/* End PBXFileReference section */

/* Begin PBXFrameworksBuildPhase section */
		0064922F23BFC02800DE8E71 /* Frameworks */ = {
			isa = PBXFrameworksBuildPhase;
			buildActionMask = 2147483647;
			files = (
				3931800EF19510F59F59CA2D /* Pods_BazilPapers.framework in Frameworks */,
			);
			runOnlyForDeploymentPostprocessing = 0;
		};
		0064924523BFC02E00DE8E71 /* Frameworks */ = {
			isa = PBXFrameworksBuildPhase;
			buildActionMask = 2147483647;
			files = (
				6006F4C382B7CDCF7BD317DD /* Pods_BazilPapersTests.framework in Frameworks */,
			);
			runOnlyForDeploymentPostprocessing = 0;
		};
		0064925023BFC02E00DE8E71 /* Frameworks */ = {
			isa = PBXFrameworksBuildPhase;
			buildActionMask = 2147483647;
			files = (
				F5E8AA23A6CB0B30E8197BDE /* Pods_BazilPapers_BazilPapersUITests.framework in Frameworks */,
			);
			runOnlyForDeploymentPostprocessing = 0;
		};
		00A964F523E32828005E0417 /* Frameworks */ = {
			isa = PBXFrameworksBuildPhase;
			buildActionMask = 2147483647;
			files = (
			);
			runOnlyForDeploymentPostprocessing = 0;
		};
		00A9650A23E3282F005E0417 /* Frameworks */ = {
			isa = PBXFrameworksBuildPhase;
			buildActionMask = 2147483647;
			files = (
			);
			runOnlyForDeploymentPostprocessing = 0;
		};
		00A9651523E3282F005E0417 /* Frameworks */ = {
			isa = PBXFrameworksBuildPhase;
			buildActionMask = 2147483647;
			files = (
			);
			runOnlyForDeploymentPostprocessing = 0;
		};
/* End PBXFrameworksBuildPhase section */

/* Begin PBXGroup section */
		000BCD88241D850100DE8207 /* IAP */ = {
			isa = PBXGroup;
			children = (
				000BCD89241D851800DE8207 /* IAPManager.swift */,
			);
			path = IAP;
			sourceTree = "<group>";
		};
		000BCD8B241E264700DE8207 /* Cell */ = {
			isa = PBXGroup;
			children = (
				006F9938242013FB0007E99B /* WallpapersDetailsCollectionViewCell.swift */,
				006F9939242013FB0007E99B /* WallpapersDetailsCollectionViewCell.xib */,
			);
			path = Cell;
			sourceTree = "<group>";
		};
		00138DDC23D8E7FD00EBD787 /* CoreData */ = {
			isa = PBXGroup;
			children = (
				00A964F123D8EFD2005E0417 /* FormFactors.xcdatamodeld */,
				00138DDE23D8E7FD00EBD787 /* Catalog.xcdatamodeld */,
				00138DDD23D8E7FD00EBD787 /* NSPersistentContainer+Models.swift */,
				00138DE023D8E7FD00EBD787 /* DataStorageProvider.swift */,
				00138DE123D8E7FD00EBD787 /* PersistentContainerController.swift */,
			);
			path = CoreData;
			sourceTree = "<group>";
		};
		0048C3D223C0D0150086D9D3 /* Cell */ = {
			isa = PBXGroup;
			children = (
				0048C3DC23C0D44D0086D9D3 /* Collection */,
				0048C3D423C0D0350086D9D3 /* WallpapersListTableViewCell.xib */,
				0048C3E823C0E9B30086D9D3 /* WallpapersListTableViewCell.swift */,
			);
			path = Cell;
			sourceTree = "<group>";
		};
		0048C3DC23C0D44D0086D9D3 /* Collection */ = {
			isa = PBXGroup;
			children = (
				0048C3E123C0D5810086D9D3 /* Cell */,
				0048C3E623C0D6C70086D9D3 /* WallpapersCollection.storyboard */,
				0048C3EA23C0EA020086D9D3 /* WallpapersCollectionViewController.swift */,
			);
			path = Collection;
			sourceTree = "<group>";
		};
		0048C3E123C0D5810086D9D3 /* Cell */ = {
			isa = PBXGroup;
			children = (
				0048C3E223C0D5A90086D9D3 /* WallpaperCollectionViewCell.swift */,
				0048C3E323C0D5A90086D9D3 /* WallpaperCollectionViewCell.xib */,
			);
			path = Cell;
			sourceTree = "<group>";
		};
		0048C3EC23C0F67B0086D9D3 /* Components */ = {
			isa = PBXGroup;
			children = (
				0048C3EE23C0F6F30086D9D3 /* UIKit */,
			);
			path = Components;
			sourceTree = "<group>";
		};
		0048C3ED23C0F6840086D9D3 /* Helpers */ = {
			isa = PBXGroup;
			children = (
				0087ED4323FB37AD0026EFC1 /* CoreData */,
				0087ED5423FB37AE0026EFC1 /* NSPredicate+Utils.swift */,
				0087ED5223FB37AE0026EFC1 /* UIDevice */,
				0087ED4923FB37AD0026EFC1 /* UIKit */,
			);
			path = Helpers;
			sourceTree = "<group>";
		};
		0048C3EE23C0F6F30086D9D3 /* UIKit */ = {
			isa = PBXGroup;
			children = (
				0048C3EF23C0F6FD0086D9D3 /* ButtonTabViewController */,
			);
			path = UIKit;
			sourceTree = "<group>";
		};
		0048C3EF23C0F6FD0086D9D3 /* ButtonTabViewController */ = {
			isa = PBXGroup;
			children = (
				0048C3F023C0F7130086D9D3 /* ButtonTabViewController.swift */,
				0048C3F223C0F7A40086D9D3 /* TintButtonTabViewController.swift */,
				0048C3F623C3DDC50086D9D3 /* LabelButtonTabViewController.swift */,
				0048C3F823C3DDE90086D9D3 /* TintLabelButtonTabViewController.swift */,
			);
			path = ButtonTabViewController;
			sourceTree = "<group>";
		};
		004CD87923CD1748002B8092 /* Models */ = {
			isa = PBXGroup;
			children = (
				004CD87A23CD1756002B8092 /* RemoteCategory.swift */,
				00138DE623D8E89100EBD787 /* RemoteWallpaper.swift */,
				00138DE823D8E97B00EBD787 /* RemoteWallpaperSource.swift */,
			);
			path = Models;
			sourceTree = "<group>";
		};
		0064922923BFC02800DE8E71 = {
			isa = PBXGroup;
			children = (
				0064923423BFC02800DE8E71 /* BazilPapers */,
				0064924B23BFC02E00DE8E71 /* BazilPapersTests */,
				0064925623BFC02E00DE8E71 /* BazilPapersUITests */,
				00A964F923E32828005E0417 /* Playground */,
				0064923323BFC02800DE8E71 /* Products */,
				28D546C531A7755234C7E4CE /* Pods */,
				515FEBC74859BC2F6E5832D8 /* Frameworks */,
			);
			sourceTree = "<group>";
		};
		0064923323BFC02800DE8E71 /* Products */ = {
			isa = PBXGroup;
			children = (
				0064923223BFC02800DE8E71 /* BazilPapers.app */,
				0064924823BFC02E00DE8E71 /* BazilPapersTests.xctest */,
				0064925323BFC02E00DE8E71 /* BazilPapersUITests.xctest */,
				00A964F823E32828005E0417 /* Playground.app */,
				00A9650D23E3282F005E0417 /* PlaygroundTests.xctest */,
				00A9651823E3282F005E0417 /* PlaygroundUITests.xctest */,
			);
			name = Products;
			sourceTree = "<group>";
		};
		0064923423BFC02800DE8E71 /* BazilPapers */ = {
			isa = PBXGroup;
			children = (
				000BCD88241D850100DE8207 /* IAP */,
				0064926C23BFC33500DE8E71 /* UI */,
				00BEBA9923C90DBE007EE66D /* DataStorage */,
				0048C3ED23C0F6840086D9D3 /* Helpers */,
				0048C3EC23C0F67B0086D9D3 /* Components */,
				0064926D23BFC34A00DE8E71 /* DevEnviroment */,
			);
			path = BazilPapers;
			sourceTree = "<group>";
		};
		0064924B23BFC02E00DE8E71 /* BazilPapersTests */ = {
			isa = PBXGroup;
			children = (
				0064924C23BFC02E00DE8E71 /* BazilPapersTests.swift */,
				0064924E23BFC02E00DE8E71 /* Info.plist */,
			);
			path = BazilPapersTests;
			sourceTree = "<group>";
		};
		0064925623BFC02E00DE8E71 /* BazilPapersUITests */ = {
			isa = PBXGroup;
			children = (
				0064925723BFC02E00DE8E71 /* BazilPapersUITests.swift */,
				0064925923BFC02E00DE8E71 /* Info.plist */,
			);
			path = BazilPapersUITests;
			sourceTree = "<group>";
		};
		0064926B23BFC32600DE8E71 /* RootNavigation */ = {
			isa = PBXGroup;
			children = (
				0064926523BFC16100DE8E71 /* RootNavigation.storyboard */,
				0064926723BFC17300DE8E71 /* RootNavigationViewController.swift */,
				0064926923BFC25600DE8E71 /* RootNavigation.swift */,
			);
			path = RootNavigation;
			sourceTree = "<group>";
		};
		0064926C23BFC33500DE8E71 /* UI */ = {
			isa = PBXGroup;
			children = (
				009CF89E243B17FA00003FB5 /* IAP */,
				00F4C72223BFDE3000239BAA /* LikedWallpapers */,
				0087ECBD23FB2A760026EFC1 /* WallpapersDetails */,
				00F4C72123BFDE2700239BAA /* WallpapersList */,
				00F4C71923BFDBA600239BAA /* RootTabs */,
				0064926B23BFC32600DE8E71 /* RootNavigation */,
			);
			path = UI;
			sourceTree = "<group>";
		};
		0064926D23BFC34A00DE8E71 /* DevEnviroment */ = {
			isa = PBXGroup;
			children = (
				0064923E23BFC02E00DE8E71 /* Assets.xcassets */,
				0064923523BFC02800DE8E71 /* AppDelegate.swift */,
				0064923723BFC02800DE8E71 /* SceneDelegate.swift */,
				0064924023BFC02E00DE8E71 /* LaunchScreen.storyboard */,
				0064924323BFC02E00DE8E71 /* Info.plist */,
				000BCD86241D844D00DE8207 /* GoogleService-Info.plist */,
				000BCD84241D7CD500DE8207 /* C.swift */,
			);
			path = DevEnviroment;
			sourceTree = "<group>";
		};
		0087ECBD23FB2A760026EFC1 /* WallpapersDetails */ = {
			isa = PBXGroup;
			children = (
				000BCD8B241E264700DE8207 /* Cell */,
				0087ECBE23FB2BA70026EFC1 /* WallpapersDetailsViewController.swift */,
				0087ECC023FB2BB60026EFC1 /* WallpapersDetails.storyboard */,
				000BCD8C241E266400DE8207 /* WallpapersDetailsCollectionViewController.swift */,
			);
			path = WallpapersDetails;
			sourceTree = "<group>";
		};
		0087ED4323FB37AD0026EFC1 /* CoreData */ = {
			isa = PBXGroup;
			children = (
				0087ED4423FB37AD0026EFC1 /* NSManagedObjectContext+Utils.swift */,
				0087ED4523FB37AD0026EFC1 /* Array+NSManagedObject.swift */,
				0087ED4623FB37AD0026EFC1 /* NSManagedObject+Instance.swift */,
				0087ED4723FB37AD0026EFC1 /* NSFetchedResultsController+Utils.swift */,
				0087ED4823FB37AD0026EFC1 /* NSManagedObject+SyncManyRelationship.swift */,
			);
			path = CoreData;
			sourceTree = "<group>";
		};
		0087ED4923FB37AD0026EFC1 /* UIKit */ = {
			isa = PBXGroup;
			children = (
				0087ED6323FB3AB70026EFC1 /* CGColor+Utils.swift */,
				0087ED6123FB39A80026EFC1 /* UIView+Inspectable.swift */,
				0087ED4A23FB37AD0026EFC1 /* UICollectionView */,
				0087ED4C23FB37AD0026EFC1 /* UIViewController */,
				0087ED4F23FB37AD0026EFC1 /* UITableView */,
				0087ED6723FF1AF00026EFC1 /* UIImage+GIF.swift */,
			);
			path = UIKit;
			sourceTree = "<group>";
		};
		0087ED4A23FB37AD0026EFC1 /* UICollectionView */ = {
			isa = PBXGroup;
			children = (
				0087ED4B23FB37AD0026EFC1 /* UICollectionViewCell+Utils.swift */,
			);
			path = UICollectionView;
			sourceTree = "<group>";
		};
		0087ED4C23FB37AD0026EFC1 /* UIViewController */ = {
			isa = PBXGroup;
			children = (
				0087ED4D23FB37AD0026EFC1 /* UIViewController+Child.swift */,
				0087ED4E23FB37AD0026EFC1 /* UIViewController+Instance.swift */,
			);
			path = UIViewController;
			sourceTree = "<group>";
		};
		0087ED4F23FB37AD0026EFC1 /* UITableView */ = {
			isa = PBXGroup;
			children = (
				0087ED5023FB37AD0026EFC1 /* UITableViewHeaderFooterView+Table.swift */,
				0087ED5123FB37AD0026EFC1 /* UITableViewCell+Table.swift */,
			);
			path = UITableView;
			sourceTree = "<group>";
		};
		0087ED5223FB37AE0026EFC1 /* UIDevice */ = {
			isa = PBXGroup;
			children = (
				0087ED5323FB37AE0026EFC1 /* UIDevice+SystemInfo.swift */,
			);
			path = UIDevice;
			sourceTree = "<group>";
		};
		009CF89E243B17FA00003FB5 /* IAP */ = {
			isa = PBXGroup;
			children = (
				009CF89F243B181000003FB5 /* IAPSelector */,
			);
			path = IAP;
			sourceTree = "<group>";
		};
		009CF89F243B181000003FB5 /* IAPSelector */ = {
			isa = PBXGroup;
			children = (
				009CF8A0243B182700003FB5 /* IAPSelector.storyboard */,
			);
			path = IAPSelector;
			sourceTree = "<group>";
		};
		00A964F923E32828005E0417 /* Playground */ = {
			isa = PBXGroup;
			children = (
				00A964FA23E32828005E0417 /* AppDelegate.swift */,
				00A964FC23E32828005E0417 /* SceneDelegate.swift */,
				00A964FE23E32828005E0417 /* ViewController.swift */,
				00A9650023E32828005E0417 /* Main.storyboard */,
				00A9650323E3282F005E0417 /* Assets.xcassets */,
				00A9650523E3282F005E0417 /* LaunchScreen.storyboard */,
				00A9650823E3282F005E0417 /* Info.plist */,
			);
			path = Playground;
			sourceTree = "<group>";
		};
		00BEBA9923C90DBE007EE66D /* DataStorage */ = {
			isa = PBXGroup;
			children = (
				00138DDC23D8E7FD00EBD787 /* CoreData */,
				00BEBA9A23C90DC9007EE66D /* Firebase  */,
			);
			path = DataStorage;
			sourceTree = "<group>";
		};
		00BEBA9A23C90DC9007EE66D /* Firebase  */ = {
			isa = PBXGroup;
			children = (
				004CD87923CD1748002B8092 /* Models */,
				004CD87623CD1730002B8092 /* GetCategoriesFirebaseService.swift */,
				004CD87C23CD18EC002B8092 /* GetWallpapersListFirebaseService.swift */,
				00A9652823EA1A39005E0417 /* GetFormfactorsFirebaseService.swift */,
			);
			path = "Firebase ";
			sourceTree = "<group>";
		};
		00BEBA9D23C91EA6007EE66D /* CoreData */ = {
			isa = PBXGroup;
			children = (
				00BEBA9E23C91EC6007EE66D /* Catalog.xcdatamodeld */,
				00BEBAAC23C91FBE007EE66D /* DataStorageProvider.swift */,
				00BEBAAE23C91FCB007EE66D /* NSPersistentContainer+Models.swift */,
				00BEBAB023C91FD6007EE66D /* PersistentContainerController.swift */,
			);
			path = CoreData;
			sourceTree = "<group>";
		};
		00F4C65C23BFD75800239BAA /* RootTabButtons */ = {
			isa = PBXGroup;
			children = (
				00F4C65E23BFD98E00239BAA /* RootTabButtons.storyboard */,
				00F4C66023BFD9A000239BAA /* RootTabButtonViewController.swift */,
			);
			path = RootTabButtons;
			sourceTree = "<group>";
		};
		00F4C71923BFDBA600239BAA /* RootTabs */ = {
			isa = PBXGroup;
			children = (
				00F4C65C23BFD75800239BAA /* RootTabButtons */,
				00F4C71A23BFDBFB00239BAA /* RootTabsViewController.swift */,
				00F4C71C23BFDC0400239BAA /* RootTabs.storyboard */,
			);
			path = RootTabs;
			sourceTree = "<group>";
		};
		00F4C72123BFDE2700239BAA /* WallpapersList */ = {
			isa = PBXGroup;
			children = (
				0048C3D223C0D0150086D9D3 /* Cell */,
				00F4C72323BFDE4E00239BAA /* WallpapersList.storyboard */,
				00F4C72523BFDE5A00239BAA /* WallpapersListViewController.swift */,
				0048C3D023C0CE450086D9D3 /* WallpapersListTableViewController.swift */,
			);
			path = WallpapersList;
			sourceTree = "<group>";
		};
		00F4C72223BFDE3000239BAA /* LikedWallpapers */ = {
			isa = PBXGroup;
			children = (
				00F4C72723BFDE6A00239BAA /* LikedWallpapers.storyboard */,
				00F4C72923BFDE7400239BAA /* LikedWallpapersViewController.swift */,
			);
			path = LikedWallpapers;
			sourceTree = "<group>";
		};
		28D546C531A7755234C7E4CE /* Pods */ = {
			isa = PBXGroup;
			children = (
				D26CD848532A86FB674F31B1 /* Pods-BazilPapers.debug.xcconfig */,
				E0D57CE94D371CFA8A6DA181 /* Pods-BazilPapers.release.xcconfig */,
				F7D77BD4973209C2B37759CA /* Pods-BazilPapers-BazilPapersUITests.debug.xcconfig */,
				8561A6FD452B03F3FDAF1A76 /* Pods-BazilPapers-BazilPapersUITests.release.xcconfig */,
				1E9EE0F888EA3E1500878FC0 /* Pods-BazilPapersTests.debug.xcconfig */,
				0A648A4532737F84078B4971 /* Pods-BazilPapersTests.release.xcconfig */,
			);
			path = Pods;
			sourceTree = "<group>";
		};
		515FEBC74859BC2F6E5832D8 /* Frameworks */ = {
			isa = PBXGroup;
			children = (
				00BEBA9D23C91EA6007EE66D /* CoreData */,
				A1EE32DFFDF2379101763362 /* Pods_BazilPapers.framework */,
				91B33D75536B58075B41B4DF /* Pods_BazilPapers_BazilPapersUITests.framework */,
				D74A48A9C87DE3238D0F1B7A /* Pods_BazilPapersTests.framework */,
			);
			name = Frameworks;
			sourceTree = "<group>";
		};
/* End PBXGroup section */

/* Begin PBXNativeTarget section */
		0064923123BFC02800DE8E71 /* BazilPapers */ = {
			isa = PBXNativeTarget;
			buildConfigurationList = 0064925C23BFC02E00DE8E71 /* Build configuration list for PBXNativeTarget "BazilPapers" */;
			buildPhases = (
				50409E8C956A14BDD32BA556 /* [CP] Check Pods Manifest.lock */,
				0064922E23BFC02800DE8E71 /* Sources */,
				0064922F23BFC02800DE8E71 /* Frameworks */,
				0064923023BFC02800DE8E71 /* Resources */,
				533F99F39F53BC1A9ABDCBA6 /* [CP] Embed Pods Frameworks */,
			);
			buildRules = (
			);
			dependencies = (
			);
			name = BazilPapers;
			productName = BazilPapers;
			productReference = 0064923223BFC02800DE8E71 /* BazilPapers.app */;
			productType = "com.apple.product-type.application";
		};
		0064924723BFC02E00DE8E71 /* BazilPapersTests */ = {
			isa = PBXNativeTarget;
			buildConfigurationList = 0064925F23BFC02E00DE8E71 /* Build configuration list for PBXNativeTarget "BazilPapersTests" */;
			buildPhases = (
				E21391EC6FAACC923E243511 /* [CP] Check Pods Manifest.lock */,
				0064924423BFC02E00DE8E71 /* Sources */,
				0064924523BFC02E00DE8E71 /* Frameworks */,
				0064924623BFC02E00DE8E71 /* Resources */,
			);
			buildRules = (
			);
			dependencies = (
				0064924A23BFC02E00DE8E71 /* PBXTargetDependency */,
			);
			name = BazilPapersTests;
			productName = BazilPapersTests;
			productReference = 0064924823BFC02E00DE8E71 /* BazilPapersTests.xctest */;
			productType = "com.apple.product-type.bundle.unit-test";
		};
		0064925223BFC02E00DE8E71 /* BazilPapersUITests */ = {
			isa = PBXNativeTarget;
			buildConfigurationList = 0064926223BFC02E00DE8E71 /* Build configuration list for PBXNativeTarget "BazilPapersUITests" */;
			buildPhases = (
				25B362E86ABB2B98ABDA9862 /* [CP] Check Pods Manifest.lock */,
				0064924F23BFC02E00DE8E71 /* Sources */,
				0064925023BFC02E00DE8E71 /* Frameworks */,
				0064925123BFC02E00DE8E71 /* Resources */,
				F527813D5C5FDAD4D92391ED /* [CP] Embed Pods Frameworks */,
			);
			buildRules = (
			);
			dependencies = (
				0064925523BFC02E00DE8E71 /* PBXTargetDependency */,
			);
			name = BazilPapersUITests;
			productName = BazilPapersUITests;
			productReference = 0064925323BFC02E00DE8E71 /* BazilPapersUITests.xctest */;
			productType = "com.apple.product-type.bundle.ui-testing";
		};
		00A964F723E32828005E0417 /* Playground */ = {
			isa = PBXNativeTarget;
			buildConfigurationList = 00A9651F23E3282F005E0417 /* Build configuration list for PBXNativeTarget "Playground" */;
			buildPhases = (
				00A964F423E32828005E0417 /* Sources */,
				00A964F523E32828005E0417 /* Frameworks */,
				00A964F623E32828005E0417 /* Resources */,
			);
			buildRules = (
			);
			dependencies = (
			);
			name = Playground;
			productName = Playground;
			productReference = 00A964F823E32828005E0417 /* Playground.app */;
			productType = "com.apple.product-type.application";
		};
		00A9650C23E3282F005E0417 /* PlaygroundTests */ = {
			isa = PBXNativeTarget;
			buildConfigurationList = 00A9652223E3282F005E0417 /* Build configuration list for PBXNativeTarget "PlaygroundTests" */;
			buildPhases = (
				00A9650923E3282F005E0417 /* Sources */,
				00A9650A23E3282F005E0417 /* Frameworks */,
				00A9650B23E3282F005E0417 /* Resources */,
			);
			buildRules = (
			);
			dependencies = (
				00A9650F23E3282F005E0417 /* PBXTargetDependency */,
			);
			name = PlaygroundTests;
			productName = PlaygroundTests;
			productReference = 00A9650D23E3282F005E0417 /* PlaygroundTests.xctest */;
			productType = "com.apple.product-type.bundle.unit-test";
		};
		00A9651723E3282F005E0417 /* PlaygroundUITests */ = {
			isa = PBXNativeTarget;
			buildConfigurationList = 00A9652523E3282F005E0417 /* Build configuration list for PBXNativeTarget "PlaygroundUITests" */;
			buildPhases = (
				00A9651423E3282F005E0417 /* Sources */,
				00A9651523E3282F005E0417 /* Frameworks */,
				00A9651623E3282F005E0417 /* Resources */,
			);
			buildRules = (
			);
			dependencies = (
				00A9651A23E3282F005E0417 /* PBXTargetDependency */,
			);
			name = PlaygroundUITests;
			productName = PlaygroundUITests;
			productReference = 00A9651823E3282F005E0417 /* PlaygroundUITests.xctest */;
			productType = "com.apple.product-type.bundle.ui-testing";
		};
/* End PBXNativeTarget section */

/* Begin PBXProject section */
		0064922A23BFC02800DE8E71 /* Project object */ = {
			isa = PBXProject;
			attributes = {
				LastSwiftUpdateCheck = 1120;
				LastUpgradeCheck = 1120;
				ORGANIZATIONNAME = Kulik;
				TargetAttributes = {
					0064923123BFC02800DE8E71 = {
						CreatedOnToolsVersion = 11.2.1;
					};
					0064924723BFC02E00DE8E71 = {
						CreatedOnToolsVersion = 11.2.1;
						TestTargetID = 0064923123BFC02800DE8E71;
					};
					0064925223BFC02E00DE8E71 = {
						CreatedOnToolsVersion = 11.2.1;
						TestTargetID = 0064923123BFC02800DE8E71;
					};
					00A964F723E32828005E0417 = {
						CreatedOnToolsVersion = 11.2.1;
					};
					00A9650C23E3282F005E0417 = {
						CreatedOnToolsVersion = 11.2.1;
						TestTargetID = 00A964F723E32828005E0417;
					};
					00A9651723E3282F005E0417 = {
						CreatedOnToolsVersion = 11.2.1;
						TestTargetID = 00A964F723E32828005E0417;
					};
				};
			};
			buildConfigurationList = 0064922D23BFC02800DE8E71 /* Build configuration list for PBXProject "BazilPapers" */;
			compatibilityVersion = "Xcode 9.3";
			developmentRegion = en;
			hasScannedForEncodings = 0;
			knownRegions = (
				en,
				Base,
			);
			mainGroup = 0064922923BFC02800DE8E71;
			productRefGroup = 0064923323BFC02800DE8E71 /* Products */;
			projectDirPath = "";
			projectRoot = "";
			targets = (
				0064923123BFC02800DE8E71 /* BazilPapers */,
				0064924723BFC02E00DE8E71 /* BazilPapersTests */,
				0064925223BFC02E00DE8E71 /* BazilPapersUITests */,
				00A964F723E32828005E0417 /* Playground */,
				00A9650C23E3282F005E0417 /* PlaygroundTests */,
				00A9651723E3282F005E0417 /* PlaygroundUITests */,
			);
		};
/* End PBXProject section */

/* Begin PBXResourcesBuildPhase section */
		0064923023BFC02800DE8E71 /* Resources */ = {
			isa = PBXResourcesBuildPhase;
			buildActionMask = 2147483647;
			files = (
				0064926623BFC16100DE8E71 /* RootNavigation.storyboard in Resources */,
				00F4C71D23BFDC0400239BAA /* RootTabs.storyboard in Resources */,
				0048C3D623C0D0350086D9D3 /* WallpapersListTableViewCell.xib in Resources */,
				0064924223BFC02E00DE8E71 /* LaunchScreen.storyboard in Resources */,
				0087ECC123FB2BB60026EFC1 /* WallpapersDetails.storyboard in Resources */,
				000BCD87241D844E00DE8207 /* GoogleService-Info.plist in Resources */,
				00F4C72823BFDE6A00239BAA /* LikedWallpapers.storyboard in Resources */,
				00F4C65F23BFD98E00239BAA /* RootTabButtons.storyboard in Resources */,
				009CF8A1243B182700003FB5 /* IAPSelector.storyboard in Resources */,
				0048C3E723C0D6C70086D9D3 /* WallpapersCollection.storyboard in Resources */,
				00F4C72423BFDE4E00239BAA /* WallpapersList.storyboard in Resources */,
				006F993B242013FB0007E99B /* WallpapersDetailsCollectionViewCell.xib in Resources */,
				0048C3E523C0D5A90086D9D3 /* WallpaperCollectionViewCell.xib in Resources */,
				0064923F23BFC02E00DE8E71 /* Assets.xcassets in Resources */,
			);
			runOnlyForDeploymentPostprocessing = 0;
		};
		0064924623BFC02E00DE8E71 /* Resources */ = {
			isa = PBXResourcesBuildPhase;
			buildActionMask = 2147483647;
			files = (
			);
			runOnlyForDeploymentPostprocessing = 0;
		};
		0064925123BFC02E00DE8E71 /* Resources */ = {
			isa = PBXResourcesBuildPhase;
			buildActionMask = 2147483647;
			files = (
			);
			runOnlyForDeploymentPostprocessing = 0;
		};
		00A964F623E32828005E0417 /* Resources */ = {
			isa = PBXResourcesBuildPhase;
			buildActionMask = 2147483647;
			files = (
				00A9650723E3282F005E0417 /* LaunchScreen.storyboard in Resources */,
				00A9650423E3282F005E0417 /* Assets.xcassets in Resources */,
				00A9650223E32828005E0417 /* Main.storyboard in Resources */,
			);
			runOnlyForDeploymentPostprocessing = 0;
		};
		00A9650B23E3282F005E0417 /* Resources */ = {
			isa = PBXResourcesBuildPhase;
			buildActionMask = 2147483647;
			files = (
			);
			runOnlyForDeploymentPostprocessing = 0;
		};
		00A9651623E3282F005E0417 /* Resources */ = {
			isa = PBXResourcesBuildPhase;
			buildActionMask = 2147483647;
			files = (
			);
			runOnlyForDeploymentPostprocessing = 0;
		};
/* End PBXResourcesBuildPhase section */

/* Begin PBXShellScriptBuildPhase section */
		25B362E86ABB2B98ABDA9862 /* [CP] Check Pods Manifest.lock */ = {
			isa = PBXShellScriptBuildPhase;
			buildActionMask = 2147483647;
			files = (
			);
			inputFileListPaths = (
			);
			inputPaths = (
				"${PODS_PODFILE_DIR_PATH}/Podfile.lock",
				"${PODS_ROOT}/Manifest.lock",
			);
			name = "[CP] Check Pods Manifest.lock";
			outputFileListPaths = (
			);
			outputPaths = (
				"$(DERIVED_FILE_DIR)/Pods-BazilPapers-BazilPapersUITests-checkManifestLockResult.txt",
			);
			runOnlyForDeploymentPostprocessing = 0;
			shellPath = /bin/sh;
			shellScript = "diff \"${PODS_PODFILE_DIR_PATH}/Podfile.lock\" \"${PODS_ROOT}/Manifest.lock\" > /dev/null\nif [ $? != 0 ] ; then\n    # print error to STDERR\n    echo \"error: The sandbox is not in sync with the Podfile.lock. Run 'pod install' or update your CocoaPods installation.\" >&2\n    exit 1\nfi\n# This output is used by Xcode 'outputs' to avoid re-running this script phase.\necho \"SUCCESS\" > \"${SCRIPT_OUTPUT_FILE_0}\"\n";
			showEnvVarsInLog = 0;
		};
		50409E8C956A14BDD32BA556 /* [CP] Check Pods Manifest.lock */ = {
			isa = PBXShellScriptBuildPhase;
			buildActionMask = 2147483647;
			files = (
			);
			inputFileListPaths = (
			);
			inputPaths = (
				"${PODS_PODFILE_DIR_PATH}/Podfile.lock",
				"${PODS_ROOT}/Manifest.lock",
			);
			name = "[CP] Check Pods Manifest.lock";
			outputFileListPaths = (
			);
			outputPaths = (
				"$(DERIVED_FILE_DIR)/Pods-BazilPapers-checkManifestLockResult.txt",
			);
			runOnlyForDeploymentPostprocessing = 0;
			shellPath = /bin/sh;
			shellScript = "diff \"${PODS_PODFILE_DIR_PATH}/Podfile.lock\" \"${PODS_ROOT}/Manifest.lock\" > /dev/null\nif [ $? != 0 ] ; then\n    # print error to STDERR\n    echo \"error: The sandbox is not in sync with the Podfile.lock. Run 'pod install' or update your CocoaPods installation.\" >&2\n    exit 1\nfi\n# This output is used by Xcode 'outputs' to avoid re-running this script phase.\necho \"SUCCESS\" > \"${SCRIPT_OUTPUT_FILE_0}\"\n";
			showEnvVarsInLog = 0;
		};
		533F99F39F53BC1A9ABDCBA6 /* [CP] Embed Pods Frameworks */ = {
			isa = PBXShellScriptBuildPhase;
			buildActionMask = 2147483647;
			files = (
			);
			inputFileListPaths = (
				"${PODS_ROOT}/Target Support Files/Pods-BazilPapers/Pods-BazilPapers-frameworks-${CONFIGURATION}-input-files.xcfilelist",
			);
			name = "[CP] Embed Pods Frameworks";
			outputFileListPaths = (
				"${PODS_ROOT}/Target Support Files/Pods-BazilPapers/Pods-BazilPapers-frameworks-${CONFIGURATION}-output-files.xcfilelist",
			);
			runOnlyForDeploymentPostprocessing = 0;
			shellPath = /bin/sh;
			shellScript = "\"${PODS_ROOT}/Target Support Files/Pods-BazilPapers/Pods-BazilPapers-frameworks.sh\"\n";
			showEnvVarsInLog = 0;
		};
		E21391EC6FAACC923E243511 /* [CP] Check Pods Manifest.lock */ = {
			isa = PBXShellScriptBuildPhase;
			buildActionMask = 2147483647;
			files = (
			);
			inputFileListPaths = (
			);
			inputPaths = (
				"${PODS_PODFILE_DIR_PATH}/Podfile.lock",
				"${PODS_ROOT}/Manifest.lock",
			);
			name = "[CP] Check Pods Manifest.lock";
			outputFileListPaths = (
			);
			outputPaths = (
				"$(DERIVED_FILE_DIR)/Pods-BazilPapersTests-checkManifestLockResult.txt",
			);
			runOnlyForDeploymentPostprocessing = 0;
			shellPath = /bin/sh;
			shellScript = "diff \"${PODS_PODFILE_DIR_PATH}/Podfile.lock\" \"${PODS_ROOT}/Manifest.lock\" > /dev/null\nif [ $? != 0 ] ; then\n    # print error to STDERR\n    echo \"error: The sandbox is not in sync with the Podfile.lock. Run 'pod install' or update your CocoaPods installation.\" >&2\n    exit 1\nfi\n# This output is used by Xcode 'outputs' to avoid re-running this script phase.\necho \"SUCCESS\" > \"${SCRIPT_OUTPUT_FILE_0}\"\n";
			showEnvVarsInLog = 0;
		};
		F527813D5C5FDAD4D92391ED /* [CP] Embed Pods Frameworks */ = {
			isa = PBXShellScriptBuildPhase;
			buildActionMask = 2147483647;
			files = (
			);
			inputFileListPaths = (
				"${PODS_ROOT}/Target Support Files/Pods-BazilPapers-BazilPapersUITests/Pods-BazilPapers-BazilPapersUITests-frameworks-${CONFIGURATION}-input-files.xcfilelist",
			);
			name = "[CP] Embed Pods Frameworks";
			outputFileListPaths = (
				"${PODS_ROOT}/Target Support Files/Pods-BazilPapers-BazilPapersUITests/Pods-BazilPapers-BazilPapersUITests-frameworks-${CONFIGURATION}-output-files.xcfilelist",
			);
			runOnlyForDeploymentPostprocessing = 0;
			shellPath = /bin/sh;
			shellScript = "\"${PODS_ROOT}/Target Support Files/Pods-BazilPapers-BazilPapersUITests/Pods-BazilPapers-BazilPapersUITests-frameworks.sh\"\n";
			showEnvVarsInLog = 0;
		};
/* End PBXShellScriptBuildPhase section */

/* Begin PBXSourcesBuildPhase section */
		0064922E23BFC02800DE8E71 /* Sources */ = {
			isa = PBXSourcesBuildPhase;
			buildActionMask = 2147483647;
			files = (
				0087ED6823FF1AF00026EFC1 /* UIImage+GIF.swift in Sources */,
				0087ECBF23FB2BA70026EFC1 /* WallpapersDetailsViewController.swift in Sources */,
				00A964F323D8EFD2005E0417 /* FormFactors.xcdatamodeld in Sources */,
				0048C3F123C0F7130086D9D3 /* ButtonTabViewController.swift in Sources */,
				0064926A23BFC25600DE8E71 /* RootNavigation.swift in Sources */,
				0048C3F923C3DDE90086D9D3 /* TintLabelButtonTabViewController.swift in Sources */,
				006F993A242013FB0007E99B /* WallpapersDetailsCollectionViewCell.swift in Sources */,
				0064926823BFC17300DE8E71 /* RootNavigationViewController.swift in Sources */,
				00138DE723D8E89100EBD787 /* RemoteWallpaper.swift in Sources */,
				0087ED5823FB37AE0026EFC1 /* NSFetchedResultsController+Utils.swift in Sources */,
				004CD87723CD1730002B8092 /* GetCategoriesFirebaseService.swift in Sources */,
				00F4C72623BFDE5A00239BAA /* WallpapersListViewController.swift in Sources */,
				00F4C72A23BFDE7400239BAA /* LikedWallpapersViewController.swift in Sources */,
				0087ED5D23FB37AE0026EFC1 /* UITableViewHeaderFooterView+Table.swift in Sources */,
				00138DE423D8E7FD00EBD787 /* DataStorageProvider.swift in Sources */,
				0048C3E423C0D5A90086D9D3 /* WallpaperCollectionViewCell.swift in Sources */,
				0064923623BFC02800DE8E71 /* AppDelegate.swift in Sources */,
				0048C3EB23C0EA020086D9D3 /* WallpapersCollectionViewController.swift in Sources */,
				00F4C71B23BFDBFB00239BAA /* RootTabsViewController.swift in Sources */,
				0087ED6223FB39A80026EFC1 /* UIView+Inspectable.swift in Sources */,
				0087ED5923FB37AE0026EFC1 /* NSManagedObject+SyncManyRelationship.swift in Sources */,
				0087ED5723FB37AE0026EFC1 /* NSManagedObject+Instance.swift in Sources */,
				00138DE923D8E97B00EBD787 /* RemoteWallpaperSource.swift in Sources */,
				0087ED5F23FB37AE0026EFC1 /* UIDevice+SystemInfo.swift in Sources */,
				00A9652923EA1A39005E0417 /* GetFormfactorsFirebaseService.swift in Sources */,
				0048C3F323C0F7A40086D9D3 /* TintButtonTabViewController.swift in Sources */,
				000BCD85241D7CD500DE8207 /* C.swift in Sources */,
				0087ED5523FB37AE0026EFC1 /* NSManagedObjectContext+Utils.swift in Sources */,
				004CD87D23CD18EC002B8092 /* GetWallpapersListFirebaseService.swift in Sources */,
				00138DE223D8E7FD00EBD787 /* NSPersistentContainer+Models.swift in Sources */,
				0048C3F723C3DDC50086D9D3 /* LabelButtonTabViewController.swift in Sources */,
				00F4C66123BFD9A000239BAA /* RootTabButtonViewController.swift in Sources */,
				0087ED6423FB3AB70026EFC1 /* CGColor+Utils.swift in Sources */,
				0087ED5623FB37AE0026EFC1 /* Array+NSManagedObject.swift in Sources */,
				0064923823BFC02800DE8E71 /* SceneDelegate.swift in Sources */,
				0087ED5A23FB37AE0026EFC1 /* UICollectionViewCell+Utils.swift in Sources */,
				0048C3D123C0CE450086D9D3 /* WallpapersListTableViewController.swift in Sources */,
				000BCD8A241D851800DE8207 /* IAPManager.swift in Sources */,
				0087ED6023FB37AE0026EFC1 /* NSPredicate+Utils.swift in Sources */,
				0087ED5B23FB37AE0026EFC1 /* UIViewController+Child.swift in Sources */,
				0087ED5C23FB37AE0026EFC1 /* UIViewController+Instance.swift in Sources */,
				0048C3E923C0E9B40086D9D3 /* WallpapersListTableViewCell.swift in Sources */,
				0087ED5E23FB37AE0026EFC1 /* UITableViewCell+Table.swift in Sources */,
				000BCD8D241E266400DE8207 /* WallpapersDetailsCollectionViewController.swift in Sources */,
				00A5CC8823D8EBDF0025A872 /* Catalog.xcdatamodeld in Sources */,
				004CD87B23CD1756002B8092 /* RemoteCategory.swift in Sources */,
				00138DE523D8E7FD00EBD787 /* PersistentContainerController.swift in Sources */,
			);
			runOnlyForDeploymentPostprocessing = 0;
		};
		0064924423BFC02E00DE8E71 /* Sources */ = {
			isa = PBXSourcesBuildPhase;
			buildActionMask = 2147483647;
			files = (
				0064924D23BFC02E00DE8E71 /* BazilPapersTests.swift in Sources */,
			);
			runOnlyForDeploymentPostprocessing = 0;
		};
		0064924F23BFC02E00DE8E71 /* Sources */ = {
			isa = PBXSourcesBuildPhase;
			buildActionMask = 2147483647;
			files = (
				0064925823BFC02E00DE8E71 /* BazilPapersUITests.swift in Sources */,
			);
			runOnlyForDeploymentPostprocessing = 0;
		};
		00A964F423E32828005E0417 /* Sources */ = {
			isa = PBXSourcesBuildPhase;
			buildActionMask = 2147483647;
			files = (
				00A964FF23E32828005E0417 /* ViewController.swift in Sources */,
				00A964FB23E32828005E0417 /* AppDelegate.swift in Sources */,
				00A964FD23E32828005E0417 /* SceneDelegate.swift in Sources */,
			);
			runOnlyForDeploymentPostprocessing = 0;
		};
		00A9650923E3282F005E0417 /* Sources */ = {
			isa = PBXSourcesBuildPhase;
			buildActionMask = 2147483647;
			files = (
			);
			runOnlyForDeploymentPostprocessing = 0;
		};
		00A9651423E3282F005E0417 /* Sources */ = {
			isa = PBXSourcesBuildPhase;
			buildActionMask = 2147483647;
			files = (
			);
			runOnlyForDeploymentPostprocessing = 0;
		};
/* End PBXSourcesBuildPhase section */

/* Begin PBXTargetDependency section */
		0064924A23BFC02E00DE8E71 /* PBXTargetDependency */ = {
			isa = PBXTargetDependency;
			target = 0064923123BFC02800DE8E71 /* BazilPapers */;
			targetProxy = 0064924923BFC02E00DE8E71 /* PBXContainerItemProxy */;
		};
		0064925523BFC02E00DE8E71 /* PBXTargetDependency */ = {
			isa = PBXTargetDependency;
			target = 0064923123BFC02800DE8E71 /* BazilPapers */;
			targetProxy = 0064925423BFC02E00DE8E71 /* PBXContainerItemProxy */;
		};
		00A9650F23E3282F005E0417 /* PBXTargetDependency */ = {
			isa = PBXTargetDependency;
			target = 00A964F723E32828005E0417 /* Playground */;
			targetProxy = 00A9650E23E3282F005E0417 /* PBXContainerItemProxy */;
		};
		00A9651A23E3282F005E0417 /* PBXTargetDependency */ = {
			isa = PBXTargetDependency;
			target = 00A964F723E32828005E0417 /* Playground */;
			targetProxy = 00A9651923E3282F005E0417 /* PBXContainerItemProxy */;
		};
/* End PBXTargetDependency section */

/* Begin PBXVariantGroup section */
		0064924023BFC02E00DE8E71 /* LaunchScreen.storyboard */ = {
			isa = PBXVariantGroup;
			children = (
				0064924123BFC02E00DE8E71 /* Base */,
			);
			name = LaunchScreen.storyboard;
			sourceTree = "<group>";
		};
		00A9650023E32828005E0417 /* Main.storyboard */ = {
			isa = PBXVariantGroup;
			children = (
				00A9650123E32828005E0417 /* Base */,
			);
			name = Main.storyboard;
			sourceTree = "<group>";
		};
		00A9650523E3282F005E0417 /* LaunchScreen.storyboard */ = {
			isa = PBXVariantGroup;
			children = (
				00A9650623E3282F005E0417 /* Base */,
			);
			name = LaunchScreen.storyboard;
			sourceTree = "<group>";
		};
/* End PBXVariantGroup section */

/* Begin XCBuildConfiguration section */
		0064925A23BFC02E00DE8E71 /* Debug */ = {
			isa = XCBuildConfiguration;
			buildSettings = {
				ALWAYS_SEARCH_USER_PATHS = NO;
				CLANG_ANALYZER_NONNULL = YES;
				CLANG_ANALYZER_NUMBER_OBJECT_CONVERSION = YES_AGGRESSIVE;
				CLANG_CXX_LANGUAGE_STANDARD = "gnu++14";
				CLANG_CXX_LIBRARY = "libc++";
				CLANG_ENABLE_MODULES = YES;
				CLANG_ENABLE_OBJC_ARC = YES;
				CLANG_ENABLE_OBJC_WEAK = YES;
				CLANG_WARN_BLOCK_CAPTURE_AUTORELEASING = YES;
				CLANG_WARN_BOOL_CONVERSION = YES;
				CLANG_WARN_COMMA = YES;
				CLANG_WARN_CONSTANT_CONVERSION = YES;
				CLANG_WARN_DEPRECATED_OBJC_IMPLEMENTATIONS = YES;
				CLANG_WARN_DIRECT_OBJC_ISA_USAGE = YES_ERROR;
				CLANG_WARN_DOCUMENTATION_COMMENTS = YES;
				CLANG_WARN_EMPTY_BODY = YES;
				CLANG_WARN_ENUM_CONVERSION = YES;
				CLANG_WARN_INFINITE_RECURSION = YES;
				CLANG_WARN_INT_CONVERSION = YES;
				CLANG_WARN_NON_LITERAL_NULL_CONVERSION = YES;
				CLANG_WARN_OBJC_IMPLICIT_RETAIN_SELF = YES;
				CLANG_WARN_OBJC_LITERAL_CONVERSION = YES;
				CLANG_WARN_OBJC_ROOT_CLASS = YES_ERROR;
				CLANG_WARN_RANGE_LOOP_ANALYSIS = YES;
				CLANG_WARN_STRICT_PROTOTYPES = YES;
				CLANG_WARN_SUSPICIOUS_MOVE = YES;
				CLANG_WARN_UNGUARDED_AVAILABILITY = YES_AGGRESSIVE;
				CLANG_WARN_UNREACHABLE_CODE = YES;
				CLANG_WARN__DUPLICATE_METHOD_MATCH = YES;
				COPY_PHASE_STRIP = NO;
				DEBUG_INFORMATION_FORMAT = dwarf;
				ENABLE_STRICT_OBJC_MSGSEND = YES;
				ENABLE_TESTABILITY = YES;
				GCC_C_LANGUAGE_STANDARD = gnu11;
				GCC_DYNAMIC_NO_PIC = NO;
				GCC_NO_COMMON_BLOCKS = YES;
				GCC_OPTIMIZATION_LEVEL = 0;
				GCC_PREPROCESSOR_DEFINITIONS = (
					"DEBUG=1",
					"$(inherited)",
				);
				GCC_WARN_64_TO_32_BIT_CONVERSION = YES;
				GCC_WARN_ABOUT_RETURN_TYPE = YES_ERROR;
				GCC_WARN_UNDECLARED_SELECTOR = YES;
				GCC_WARN_UNINITIALIZED_AUTOS = YES_AGGRESSIVE;
				GCC_WARN_UNUSED_FUNCTION = YES;
				GCC_WARN_UNUSED_VARIABLE = YES;
				IPHONEOS_DEPLOYMENT_TARGET = 13.2;
				MTL_ENABLE_DEBUG_INFO = INCLUDE_SOURCE;
				MTL_FAST_MATH = YES;
				ONLY_ACTIVE_ARCH = YES;
				SDKROOT = iphoneos;
				SWIFT_ACTIVE_COMPILATION_CONDITIONS = DEBUG;
				SWIFT_OPTIMIZATION_LEVEL = "-Onone";
			};
			name = Debug;
		};
		0064925B23BFC02E00DE8E71 /* Release */ = {
			isa = XCBuildConfiguration;
			buildSettings = {
				ALWAYS_SEARCH_USER_PATHS = NO;
				CLANG_ANALYZER_NONNULL = YES;
				CLANG_ANALYZER_NUMBER_OBJECT_CONVERSION = YES_AGGRESSIVE;
				CLANG_CXX_LANGUAGE_STANDARD = "gnu++14";
				CLANG_CXX_LIBRARY = "libc++";
				CLANG_ENABLE_MODULES = YES;
				CLANG_ENABLE_OBJC_ARC = YES;
				CLANG_ENABLE_OBJC_WEAK = YES;
				CLANG_WARN_BLOCK_CAPTURE_AUTORELEASING = YES;
				CLANG_WARN_BOOL_CONVERSION = YES;
				CLANG_WARN_COMMA = YES;
				CLANG_WARN_CONSTANT_CONVERSION = YES;
				CLANG_WARN_DEPRECATED_OBJC_IMPLEMENTATIONS = YES;
				CLANG_WARN_DIRECT_OBJC_ISA_USAGE = YES_ERROR;
				CLANG_WARN_DOCUMENTATION_COMMENTS = YES;
				CLANG_WARN_EMPTY_BODY = YES;
				CLANG_WARN_ENUM_CONVERSION = YES;
				CLANG_WARN_INFINITE_RECURSION = YES;
				CLANG_WARN_INT_CONVERSION = YES;
				CLANG_WARN_NON_LITERAL_NULL_CONVERSION = YES;
				CLANG_WARN_OBJC_IMPLICIT_RETAIN_SELF = YES;
				CLANG_WARN_OBJC_LITERAL_CONVERSION = YES;
				CLANG_WARN_OBJC_ROOT_CLASS = YES_ERROR;
				CLANG_WARN_RANGE_LOOP_ANALYSIS = YES;
				CLANG_WARN_STRICT_PROTOTYPES = YES;
				CLANG_WARN_SUSPICIOUS_MOVE = YES;
				CLANG_WARN_UNGUARDED_AVAILABILITY = YES_AGGRESSIVE;
				CLANG_WARN_UNREACHABLE_CODE = YES;
				CLANG_WARN__DUPLICATE_METHOD_MATCH = YES;
				COPY_PHASE_STRIP = NO;
				DEBUG_INFORMATION_FORMAT = "dwarf-with-dsym";
				ENABLE_NS_ASSERTIONS = NO;
				ENABLE_STRICT_OBJC_MSGSEND = YES;
				GCC_C_LANGUAGE_STANDARD = gnu11;
				GCC_NO_COMMON_BLOCKS = YES;
				GCC_WARN_64_TO_32_BIT_CONVERSION = YES;
				GCC_WARN_ABOUT_RETURN_TYPE = YES_ERROR;
				GCC_WARN_UNDECLARED_SELECTOR = YES;
				GCC_WARN_UNINITIALIZED_AUTOS = YES_AGGRESSIVE;
				GCC_WARN_UNUSED_FUNCTION = YES;
				GCC_WARN_UNUSED_VARIABLE = YES;
				IPHONEOS_DEPLOYMENT_TARGET = 13.2;
				MTL_ENABLE_DEBUG_INFO = NO;
				MTL_FAST_MATH = YES;
				SDKROOT = iphoneos;
				SWIFT_COMPILATION_MODE = wholemodule;
				SWIFT_OPTIMIZATION_LEVEL = "-O";
				VALIDATE_PRODUCT = YES;
			};
			name = Release;
		};
		0064925D23BFC02E00DE8E71 /* Debug */ = {
			isa = XCBuildConfiguration;
			baseConfigurationReference = D26CD848532A86FB674F31B1 /* Pods-BazilPapers.debug.xcconfig */;
			buildSettings = {
				ASSETCATALOG_COMPILER_APPICON_NAME = AppIcon;
				CODE_SIGN_STYLE = Automatic;
				CURRENT_PROJECT_VERSION = 3;
				DEVELOPMENT_TEAM = UUPHMT32ZS;
				INFOPLIST_FILE = "$(SRCROOT)/BazilPapers/DevEnviroment/Info.plist";
				LD_RUNPATH_SEARCH_PATHS = (
					"$(inherited)",
					"@executable_path/Frameworks",
				);
				PRODUCT_BUNDLE_IDENTIFIER = com.sandpipersoft.swipepapers;
				PRODUCT_NAME = "$(TARGET_NAME)";
				SWIFT_VERSION = 5.0;
				TARGETED_DEVICE_FAMILY = 1;
			};
			name = Debug;
		};
		0064925E23BFC02E00DE8E71 /* Release */ = {
			isa = XCBuildConfiguration;
			baseConfigurationReference = E0D57CE94D371CFA8A6DA181 /* Pods-BazilPapers.release.xcconfig */;
			buildSettings = {
				ASSETCATALOG_COMPILER_APPICON_NAME = AppIcon;
				CODE_SIGN_STYLE = Automatic;
				CURRENT_PROJECT_VERSION = 3;
				DEVELOPMENT_TEAM = UUPHMT32ZS;
				INFOPLIST_FILE = "$(SRCROOT)/BazilPapers/DevEnviroment/Info.plist";
				LD_RUNPATH_SEARCH_PATHS = (
					"$(inherited)",
					"@executable_path/Frameworks",
				);
				PRODUCT_BUNDLE_IDENTIFIER = com.sandpipersoft.swipepapers;
				PRODUCT_NAME = "$(TARGET_NAME)";
				SWIFT_VERSION = 5.0;
				TARGETED_DEVICE_FAMILY = 1;
			};
			name = Release;
		};
		0064926023BFC02E00DE8E71 /* Debug */ = {
			isa = XCBuildConfiguration;
			baseConfigurationReference = 1E9EE0F888EA3E1500878FC0 /* Pods-BazilPapersTests.debug.xcconfig */;
			buildSettings = {
				BUNDLE_LOADER = "$(TEST_HOST)";
				CODE_SIGN_STYLE = Automatic;
				DEVELOPMENT_TEAM = UUPHMT32ZS;
				INFOPLIST_FILE = BazilPapersTests/Info.plist;
				IPHONEOS_DEPLOYMENT_TARGET = 13.2;
				LD_RUNPATH_SEARCH_PATHS = (
					"$(inherited)",
					"@executable_path/Frameworks",
					"@loader_path/Frameworks",
				);
				PRODUCT_BUNDLE_IDENTIFIER = com.sandpipersoft.BazilPapersTests;
				PRODUCT_NAME = "$(TARGET_NAME)";
				SWIFT_VERSION = 5.0;
				TARGETED_DEVICE_FAMILY = "1,2";
				TEST_HOST = "$(BUILT_PRODUCTS_DIR)/BazilPapers.app/BazilPapers";
			};
			name = Debug;
		};
		0064926123BFC02E00DE8E71 /* Release */ = {
			isa = XCBuildConfiguration;
			baseConfigurationReference = 0A648A4532737F84078B4971 /* Pods-BazilPapersTests.release.xcconfig */;
			buildSettings = {
				BUNDLE_LOADER = "$(TEST_HOST)";
				CODE_SIGN_STYLE = Automatic;
				DEVELOPMENT_TEAM = UUPHMT32ZS;
				INFOPLIST_FILE = BazilPapersTests/Info.plist;
				IPHONEOS_DEPLOYMENT_TARGET = 13.2;
				LD_RUNPATH_SEARCH_PATHS = (
					"$(inherited)",
					"@executable_path/Frameworks",
					"@loader_path/Frameworks",
				);
				PRODUCT_BUNDLE_IDENTIFIER = com.sandpipersoft.BazilPapersTests;
				PRODUCT_NAME = "$(TARGET_NAME)";
				SWIFT_VERSION = 5.0;
				TARGETED_DEVICE_FAMILY = "1,2";
				TEST_HOST = "$(BUILT_PRODUCTS_DIR)/BazilPapers.app/BazilPapers";
			};
			name = Release;
		};
		0064926323BFC02E00DE8E71 /* Debug */ = {
			isa = XCBuildConfiguration;
			baseConfigurationReference = F7D77BD4973209C2B37759CA /* Pods-BazilPapers-BazilPapersUITests.debug.xcconfig */;
			buildSettings = {
				CODE_SIGN_STYLE = Automatic;
				DEVELOPMENT_TEAM = UUPHMT32ZS;
				INFOPLIST_FILE = BazilPapersUITests/Info.plist;
				LD_RUNPATH_SEARCH_PATHS = (
					"$(inherited)",
					"@executable_path/Frameworks",
					"@loader_path/Frameworks",
				);
				PRODUCT_BUNDLE_IDENTIFIER = com.sandpipersoft.BazilPapersUITests;
				PRODUCT_NAME = "$(TARGET_NAME)";
				SWIFT_VERSION = 5.0;
				TARGETED_DEVICE_FAMILY = "1,2";
				TEST_TARGET_NAME = BazilPapers;
			};
			name = Debug;
		};
		0064926423BFC02E00DE8E71 /* Release */ = {
			isa = XCBuildConfiguration;
			baseConfigurationReference = 8561A6FD452B03F3FDAF1A76 /* Pods-BazilPapers-BazilPapersUITests.release.xcconfig */;
			buildSettings = {
				CODE_SIGN_STYLE = Automatic;
				DEVELOPMENT_TEAM = UUPHMT32ZS;
				INFOPLIST_FILE = BazilPapersUITests/Info.plist;
				LD_RUNPATH_SEARCH_PATHS = (
					"$(inherited)",
					"@executable_path/Frameworks",
					"@loader_path/Frameworks",
				);
				PRODUCT_BUNDLE_IDENTIFIER = com.sandpipersoft.BazilPapersUITests;
				PRODUCT_NAME = "$(TARGET_NAME)";
				SWIFT_VERSION = 5.0;
				TARGETED_DEVICE_FAMILY = "1,2";
				TEST_TARGET_NAME = BazilPapers;
			};
			name = Release;
		};
		00A9652023E3282F005E0417 /* Debug */ = {
			isa = XCBuildConfiguration;
			buildSettings = {
				ASSETCATALOG_COMPILER_APPICON_NAME = AppIcon;
				CODE_SIGN_STYLE = Automatic;
				DEVELOPMENT_TEAM = UUPHMT32ZS;
				INFOPLIST_FILE = Playground/Info.plist;
				LD_RUNPATH_SEARCH_PATHS = (
					"$(inherited)",
					"@executable_path/Frameworks",
				);
				PRODUCT_BUNDLE_IDENTIFIER = com.sandpipersoft.Playground;
				PRODUCT_NAME = "$(TARGET_NAME)";
				SWIFT_VERSION = 5.0;
				TARGETED_DEVICE_FAMILY = "1,2";
			};
			name = Debug;
		};
		00A9652123E3282F005E0417 /* Release */ = {
			isa = XCBuildConfiguration;
			buildSettings = {
				ASSETCATALOG_COMPILER_APPICON_NAME = AppIcon;
				CODE_SIGN_STYLE = Automatic;
				DEVELOPMENT_TEAM = UUPHMT32ZS;
				INFOPLIST_FILE = Playground/Info.plist;
				LD_RUNPATH_SEARCH_PATHS = (
					"$(inherited)",
					"@executable_path/Frameworks",
				);
				PRODUCT_BUNDLE_IDENTIFIER = com.sandpipersoft.Playground;
				PRODUCT_NAME = "$(TARGET_NAME)";
				SWIFT_VERSION = 5.0;
				TARGETED_DEVICE_FAMILY = "1,2";
			};
			name = Release;
		};
		00A9652323E3282F005E0417 /* Debug */ = {
			isa = XCBuildConfiguration;
			buildSettings = {
				ALWAYS_EMBED_SWIFT_STANDARD_LIBRARIES = YES;
				BUNDLE_LOADER = "$(TEST_HOST)";
				CODE_SIGN_STYLE = Automatic;
				DEVELOPMENT_TEAM = UUPHMT32ZS;
				INFOPLIST_FILE = PlaygroundTests/Info.plist;
				IPHONEOS_DEPLOYMENT_TARGET = 13.2;
				LD_RUNPATH_SEARCH_PATHS = (
					"$(inherited)",
					"@executable_path/Frameworks",
					"@loader_path/Frameworks",
				);
				PRODUCT_BUNDLE_IDENTIFIER = com.sandpipersoft.PlaygroundTests;
				PRODUCT_NAME = "$(TARGET_NAME)";
				SWIFT_VERSION = 5.0;
				TARGETED_DEVICE_FAMILY = "1,2";
				TEST_HOST = "$(BUILT_PRODUCTS_DIR)/Playground.app/Playground";
			};
			name = Debug;
		};
		00A9652423E3282F005E0417 /* Release */ = {
			isa = XCBuildConfiguration;
			buildSettings = {
				ALWAYS_EMBED_SWIFT_STANDARD_LIBRARIES = YES;
				BUNDLE_LOADER = "$(TEST_HOST)";
				CODE_SIGN_STYLE = Automatic;
				DEVELOPMENT_TEAM = UUPHMT32ZS;
				INFOPLIST_FILE = PlaygroundTests/Info.plist;
				IPHONEOS_DEPLOYMENT_TARGET = 13.2;
				LD_RUNPATH_SEARCH_PATHS = (
					"$(inherited)",
					"@executable_path/Frameworks",
					"@loader_path/Frameworks",
				);
				PRODUCT_BUNDLE_IDENTIFIER = com.sandpipersoft.PlaygroundTests;
				PRODUCT_NAME = "$(TARGET_NAME)";
				SWIFT_VERSION = 5.0;
				TARGETED_DEVICE_FAMILY = "1,2";
				TEST_HOST = "$(BUILT_PRODUCTS_DIR)/Playground.app/Playground";
			};
			name = Release;
		};
		00A9652623E3282F005E0417 /* Debug */ = {
			isa = XCBuildConfiguration;
			buildSettings = {
				ALWAYS_EMBED_SWIFT_STANDARD_LIBRARIES = YES;
				"CODE_SIGN_IDENTITY[sdk=macosx*]" = "Apple Development";
				CODE_SIGN_STYLE = Automatic;
				DEVELOPMENT_TEAM = UUPHMT32ZS;
				INFOPLIST_FILE = PlaygroundUITests/Info.plist;
				LD_RUNPATH_SEARCH_PATHS = (
					"$(inherited)",
					"@executable_path/Frameworks",
					"@loader_path/Frameworks",
				);
				PRODUCT_BUNDLE_IDENTIFIER = com.sandpipersoft.PlaygroundUITests;
				PRODUCT_NAME = "$(TARGET_NAME)";
				SWIFT_VERSION = 5.0;
				TARGETED_DEVICE_FAMILY = "1,2";
				TEST_TARGET_NAME = Playground;
			};
			name = Debug;
		};
		00A9652723E3282F005E0417 /* Release */ = {
			isa = XCBuildConfiguration;
			buildSettings = {
				ALWAYS_EMBED_SWIFT_STANDARD_LIBRARIES = YES;
				"CODE_SIGN_IDENTITY[sdk=macosx*]" = "Apple Development";
				CODE_SIGN_STYLE = Automatic;
				DEVELOPMENT_TEAM = UUPHMT32ZS;
				INFOPLIST_FILE = PlaygroundUITests/Info.plist;
				LD_RUNPATH_SEARCH_PATHS = (
					"$(inherited)",
					"@executable_path/Frameworks",
					"@loader_path/Frameworks",
				);
				PRODUCT_BUNDLE_IDENTIFIER = com.sandpipersoft.PlaygroundUITests;
				PRODUCT_NAME = "$(TARGET_NAME)";
				SWIFT_VERSION = 5.0;
				TARGETED_DEVICE_FAMILY = "1,2";
				TEST_TARGET_NAME = Playground;
			};
			name = Release;
		};
/* End XCBuildConfiguration section */

/* Begin XCConfigurationList section */
		0064922D23BFC02800DE8E71 /* Build configuration list for PBXProject "BazilPapers" */ = {
			isa = XCConfigurationList;
			buildConfigurations = (
				0064925A23BFC02E00DE8E71 /* Debug */,
				0064925B23BFC02E00DE8E71 /* Release */,
			);
			defaultConfigurationIsVisible = 0;
			defaultConfigurationName = Release;
		};
		0064925C23BFC02E00DE8E71 /* Build configuration list for PBXNativeTarget "BazilPapers" */ = {
			isa = XCConfigurationList;
			buildConfigurations = (
				0064925D23BFC02E00DE8E71 /* Debug */,
				0064925E23BFC02E00DE8E71 /* Release */,
			);
			defaultConfigurationIsVisible = 0;
			defaultConfigurationName = Release;
		};
		0064925F23BFC02E00DE8E71 /* Build configuration list for PBXNativeTarget "BazilPapersTests" */ = {
			isa = XCConfigurationList;
			buildConfigurations = (
				0064926023BFC02E00DE8E71 /* Debug */,
				0064926123BFC02E00DE8E71 /* Release */,
			);
			defaultConfigurationIsVisible = 0;
			defaultConfigurationName = Release;
		};
		0064926223BFC02E00DE8E71 /* Build configuration list for PBXNativeTarget "BazilPapersUITests" */ = {
			isa = XCConfigurationList;
			buildConfigurations = (
				0064926323BFC02E00DE8E71 /* Debug */,
				0064926423BFC02E00DE8E71 /* Release */,
			);
			defaultConfigurationIsVisible = 0;
			defaultConfigurationName = Release;
		};
		00A9651F23E3282F005E0417 /* Build configuration list for PBXNativeTarget "Playground" */ = {
			isa = XCConfigurationList;
			buildConfigurations = (
				00A9652023E3282F005E0417 /* Debug */,
				00A9652123E3282F005E0417 /* Release */,
			);
			defaultConfigurationIsVisible = 0;
			defaultConfigurationName = Release;
		};
		00A9652223E3282F005E0417 /* Build configuration list for PBXNativeTarget "PlaygroundTests" */ = {
			isa = XCConfigurationList;
			buildConfigurations = (
				00A9652323E3282F005E0417 /* Debug */,
				00A9652423E3282F005E0417 /* Release */,
			);
			defaultConfigurationIsVisible = 0;
			defaultConfigurationName = Release;
		};
		00A9652523E3282F005E0417 /* Build configuration list for PBXNativeTarget "PlaygroundUITests" */ = {
			isa = XCConfigurationList;
			buildConfigurations = (
				00A9652623E3282F005E0417 /* Debug */,
				00A9652723E3282F005E0417 /* Release */,
			);
			defaultConfigurationIsVisible = 0;
			defaultConfigurationName = Release;
		};
/* End XCConfigurationList section */

/* Begin XCVersionGroup section */
		00138DDE23D8E7FD00EBD787 /* Catalog.xcdatamodeld */ = {
			isa = XCVersionGroup;
			children = (
				00138DDF23D8E7FD00EBD787 /* Catalog.xcdatamodel */,
			);
			currentVersion = 00138DDF23D8E7FD00EBD787 /* Catalog.xcdatamodel */;
			path = Catalog.xcdatamodeld;
			sourceTree = "<group>";
			versionGroupType = wrapper.xcdatamodel;
		};
		00A964F123D8EFD2005E0417 /* FormFactors.xcdatamodeld */ = {
			isa = XCVersionGroup;
			children = (
				00A964F223D8EFD2005E0417 /* FormFactors.xcdatamodel */,
			);
			currentVersion = 00A964F223D8EFD2005E0417 /* FormFactors.xcdatamodel */;
			path = FormFactors.xcdatamodeld;
			sourceTree = "<group>";
			versionGroupType = wrapper.xcdatamodel;
		};
		00BEBA9E23C91EC6007EE66D /* Catalog.xcdatamodeld */ = {
			isa = XCVersionGroup;
			children = (
				00BEBA9F23C91EC6007EE66D /* Catalog.xcdatamodel */,
			);
			currentVersion = 00BEBA9F23C91EC6007EE66D /* Catalog.xcdatamodel */;
			path = Catalog.xcdatamodeld;
			sourceTree = "<group>";
			versionGroupType = wrapper.xcdatamodel;
		};
/* End XCVersionGroup section */
	};
	rootObject = 0064922A23BFC02800DE8E71 /* Project object */;
}
